PODS:
  - FlatUIKit (1.6.2)
  - QMUIKit (1.3.7)

DEPENDENCIES:
  - FlatUIKit
  - QMUIKit (~> 1.3.7)

SPEC CHECKSUMS:
  FlatUIKit: 1b41f0d4952ce8d970d8479ce79df54a960242c4
  QMUIKit: c6af05bd42f5ec977631d82fcd3f2a30368e62a1

PODFILE CHECKSUM: 5323a96f54709ecb6b23eb96621b47cc7c536fcb

COCOAPODS: 1.1.1
