// !$*UTF8*$!
{
	archiveVersion = 1;
	classes = {
	};
	objectVersion = 46;
	objects = {

/* Begin PBXBuildFile section */
		B7DD723651FB9F19B49E971E /* libPods-HHWallPaper.a in Frameworks */ = {isa = PBXBuildFile; fileRef = E2CF7BD9DAEE3703760CCD5A /* libPods-HHWallPaper.a */; };
		E00E37C71E963A9500FBF01D /* Assets.xcassets in Resources */ = {isa = PBXBuildFile; fileRef = E00E37C11E963A9500FBF01D /* Assets.xcassets */; };
		E00E37C81E963A9500FBF01D /* LaunchScreen.storyboard in Resources */ = {isa = PBXBuildFile; fileRef = E00E37C31E963A9500FBF01D /* LaunchScreen.storyboard */; };
		E00E37C91E963A9500FBF01D /* HHInfo.plist in Resources */ = {isa = PBXBuildFile; fileRef = E00E37C51E963A9500FBF01D /* HHInfo.plist */; };
		E00E37CA1E963A9500FBF01D /* main.m in Sources */ = {isa = PBXBuildFile; fileRef = E00E37C61E963A9500FBF01D /* main.m */; };
		E00E37D11E963AA800FBF01D /* TemplateViewController.m in Sources */ = {isa = PBXBuildFile; fileRef = E00E37CF1E963AA800FBF01D /* TemplateViewController.m */; };
		E041667F1EA84C08003BC00C /* MaskLayerViewController.m in Sources */ = {isa = PBXBuildFile; fileRef = E041667E1EA84C08003BC00C /* MaskLayerViewController.m */; };
		E0474F221E9CB4CC006BF902 /* CommonTool.m in Sources */ = {isa = PBXBuildFile; fileRef = E0474F211E9CB4CC006BF902 /* CommonTool.m */; };
		E0474F261E9CDFA5006BF902 /* UIImage+ColorSelect.m in Sources */ = {isa = PBXBuildFile; fileRef = E0474F251E9CDFA5006BF902 /* UIImage+ColorSelect.m */; };
		E054A1901E977CA9003A60C8 /* QDCollectionViewDemoCell.m in Sources */ = {isa = PBXBuildFile; fileRef = E054A18F1E977CA9003A60C8 /* QDCollectionViewDemoCell.m */; };
		E054A1931E9B5AB9003A60C8 /* GaussianBlurViewController.m in Sources */ = {isa = PBXBuildFile; fileRef = E054A1921E9B5AB9003A60C8 /* GaussianBlurViewController.m */; };
		E054A1961E9B6714003A60C8 /* SquareViewController.m in Sources */ = {isa = PBXBuildFile; fileRef = E054A1951E9B6714003A60C8 /* SquareViewController.m */; };
		E0A7B86E1EB8629800E11894 /* HHIconView.m in Sources */ = {isa = PBXBuildFile; fileRef = E0A7B86D1EB8629800E11894 /* HHIconView.m */; };
		E0A7B8761EB8902F00E11894 /* QuartzCore.framework in Frameworks */ = {isa = PBXBuildFile; fileRef = E0A7B8751EB8902F00E11894 /* QuartzCore.framework */; };
		E0A7B8781EB8903800E11894 /* AVFoundation.framework in Frameworks */ = {isa = PBXBuildFile; fileRef = E0A7B8771EB8903800E11894 /* AVFoundation.framework */; };
		E0A7B87A1EB8904000E11894 /* OpenGLES.framework in Frameworks */ = {isa = PBXBuildFile; fileRef = E0A7B8791EB8904000E11894 /* OpenGLES.framework */; };
		E0A7B87C1EB8904600E11894 /* CoreVideo.framework in Frameworks */ = {isa = PBXBuildFile; fileRef = E0A7B87B1EB8904600E11894 /* CoreVideo.framework */; };
		E0A7B87E1EB8904D00E11894 /* CoreMedia.framework in Frameworks */ = {isa = PBXBuildFile; fileRef = E0A7B87D1EB8904D00E11894 /* CoreMedia.framework */; };
		E0A7B92E1EB8912000E11894 /* libGPUImage.a in Frameworks */ = {isa = PBXBuildFile; fileRef = E0A7B92D1EB8912000E11894 /* libGPUImage.a */; };
		E0A7B9311EB9CD4C00E11894 /* HHButton.m in Sources */ = {isa = PBXBuildFile; fileRef = E0A7B9301EB9CD4C00E11894 /* HHButton.m */; };
		E0C4C9351E94D92D00A4E7FC /* AppDelegate.m in Sources */ = {isa = PBXBuildFile; fileRef = E0C4C9341E94D92D00A4E7FC /* AppDelegate.m */; };
		E0CB84B71EC4543200689D73 /* HHPaletteView.m in Sources */ = {isa = PBXBuildFile; fileRef = E0CB84B61EC4543200689D73 /* HHPaletteView.m */; };
		E0CB84BA1EC459AB00689D73 /* UIView+Layout.m in Sources */ = {isa = PBXBuildFile; fileRef = E0CB84B91EC459AB00689D73 /* UIView+Layout.m */; };
		E0CB84BD1EC4646300689D73 /* HHAlertView.m in Sources */ = {isa = PBXBuildFile; fileRef = E0CB84BC1EC4646300689D73 /* HHAlertView.m */; };
		E0CB84C01EC54E5000689D73 /* HHSliderView.m in Sources */ = {isa = PBXBuildFile; fileRef = E0CB84BF1EC54E5000689D73 /* HHSliderView.m */; };
		E0EB79821EAF53960055F9C4 /* LDImagePicker.m in Sources */ = {isa = PBXBuildFile; fileRef = E0EB797F1EAF53960055F9C4 /* LDImagePicker.m */; };
		E0EB79831EAF53960055F9C4 /* VPImageCropperViewController.m in Sources */ = {isa = PBXBuildFile; fileRef = E0EB79811EAF53960055F9C4 /* VPImageCropperViewController.m */; };
		E0EB79881EB1880E0055F9C4 /* CustomViewController.m in Sources */ = {isa = PBXBuildFile; fileRef = E0EB79871EB1880E0055F9C4 /* CustomViewController.m */; };
		E0EB799A1EB33CBD0055F9C4 /* HHMainImageView.m in Sources */ = {isa = PBXBuildFile; fileRef = E0EB79991EB33CBD0055F9C4 /* HHMainImageView.m */; };
		E0FA8FE51EC5A80100F0E40C /* HHToolView.m in Sources */ = {isa = PBXBuildFile; fileRef = E0FA8FE41EC5A80100F0E40C /* HHToolView.m */; };
/* End PBXBuildFile section */

/* Begin PBXFileReference section */
		77E9B500499BD1800A0E7356 /* Pods-HHWallPaper.release.xcconfig */ = {isa = PBXFileReference; includeInIndex = 1; lastKnownFileType = text.xcconfig; name = "Pods-HHWallPaper.release.xcconfig"; path = "Pods/Target Support Files/Pods-HHWallPaper/Pods-HHWallPaper.release.xcconfig"; sourceTree = "<group>"; };
		B343D39648CFF9F0D99F2DFD /* Pods-HHWallPaper.debug.xcconfig */ = {isa = PBXFileReference; includeInIndex = 1; lastKnownFileType = text.xcconfig; name = "Pods-HHWallPaper.debug.xcconfig"; path = "Pods/Target Support Files/Pods-HHWallPaper/Pods-HHWallPaper.debug.xcconfig"; sourceTree = "<group>"; };
		E00E37C11E963A9500FBF01D /* Assets.xcassets */ = {isa = PBXFileReference; lastKnownFileType = folder.assetcatalog; name = Assets.xcassets; path = "Supporting File/Assets.xcassets"; sourceTree = "<group>"; };
		E00E37C41E963A9500FBF01D /* Base */ = {isa = PBXFileReference; lastKnownFileType = file.storyboard; name = Base; path = LaunchScreen.storyboard; sourceTree = "<group>"; };
		E00E37C51E963A9500FBF01D /* HHInfo.plist */ = {isa = PBXFileReference; fileEncoding = 4; lastKnownFileType = text.plist.xml; name = HHInfo.plist; path = "Supporting File/HHInfo.plist"; sourceTree = "<group>"; };
		E00E37C61E963A9500FBF01D /* main.m */ = {isa = PBXFileReference; fileEncoding = 4; lastKnownFileType = sourcecode.c.objc; name = main.m; path = "Supporting File/main.m"; sourceTree = "<group>"; };
		E00E37CE1E963AA800FBF01D /* TemplateViewController.h */ = {isa = PBXFileReference; fileEncoding = 4; lastKnownFileType = sourcecode.c.h; path = TemplateViewController.h; sourceTree = "<group>"; };
		E00E37CF1E963AA800FBF01D /* TemplateViewController.m */ = {isa = PBXFileReference; fileEncoding = 4; lastKnownFileType = sourcecode.c.objc; path = TemplateViewController.m; sourceTree = "<group>"; };
		E041667D1EA84C08003BC00C /* MaskLayerViewController.h */ = {isa = PBXFileReference; fileEncoding = 4; lastKnownFileType = sourcecode.c.h; path = MaskLayerViewController.h; sourceTree = "<group>"; };
		E041667E1EA84C08003BC00C /* MaskLayerViewController.m */ = {isa = PBXFileReference; fileEncoding = 4; lastKnownFileType = sourcecode.c.objc; path = MaskLayerViewController.m; sourceTree = "<group>"; };
		E0474F1E1E9CB2E9006BF902 /* PrefixHeader.pch */ = {isa = PBXFileReference; lastKnownFileType = sourcecode.c.h; name = PrefixHeader.pch; path = "Supporting File/PrefixHeader.pch"; sourceTree = "<group>"; };
		E0474F201E9CB4CC006BF902 /* CommonTool.h */ = {isa = PBXFileReference; fileEncoding = 4; lastKnownFileType = sourcecode.c.h; path = CommonTool.h; sourceTree = "<group>"; };
		E0474F211E9CB4CC006BF902 /* CommonTool.m */ = {isa = PBXFileReference; fileEncoding = 4; lastKnownFileType = sourcecode.c.objc; path = CommonTool.m; sourceTree = "<group>"; };
		E0474F241E9CDFA5006BF902 /* UIImage+ColorSelect.h */ = {isa = PBXFileReference; fileEncoding = 4; lastKnownFileType = sourcecode.c.h; path = "UIImage+ColorSelect.h"; sourceTree = "<group>"; };
		E0474F251E9CDFA5006BF902 /* UIImage+ColorSelect.m */ = {isa = PBXFileReference; fileEncoding = 4; lastKnownFileType = sourcecode.c.objc; path = "UIImage+ColorSelect.m"; sourceTree = "<group>"; };
		E054A18E1E977CA9003A60C8 /* QDCollectionViewDemoCell.h */ = {isa = PBXFileReference; fileEncoding = 4; lastKnownFileType = sourcecode.c.h; path = QDCollectionViewDemoCell.h; sourceTree = "<group>"; };
		E054A18F1E977CA9003A60C8 /* QDCollectionViewDemoCell.m */ = {isa = PBXFileReference; fileEncoding = 4; lastKnownFileType = sourcecode.c.objc; path = QDCollectionViewDemoCell.m; sourceTree = "<group>"; };
		E054A1911E9B5AB9003A60C8 /* GaussianBlurViewController.h */ = {isa = PBXFileReference; fileEncoding = 4; lastKnownFileType = sourcecode.c.h; path = GaussianBlurViewController.h; sourceTree = "<group>"; };
		E054A1921E9B5AB9003A60C8 /* GaussianBlurViewController.m */ = {isa = PBXFileReference; fileEncoding = 4; lastKnownFileType = sourcecode.c.objc; path = GaussianBlurViewController.m; sourceTree = "<group>"; };
		E054A1941E9B6714003A60C8 /* SquareViewController.h */ = {isa = PBXFileReference; fileEncoding = 4; lastKnownFileType = sourcecode.c.h; path = SquareViewController.h; sourceTree = "<group>"; };
		E054A1951E9B6714003A60C8 /* SquareViewController.m */ = {isa = PBXFileReference; fileEncoding = 4; lastKnownFileType = sourcecode.c.objc; path = SquareViewController.m; sourceTree = "<group>"; };
		E0A7B86C1EB8629800E11894 /* HHIconView.h */ = {isa = PBXFileReference; fileEncoding = 4; lastKnownFileType = sourcecode.c.h; path = HHIconView.h; sourceTree = "<group>"; };
		E0A7B86D1EB8629800E11894 /* HHIconView.m */ = {isa = PBXFileReference; fileEncoding = 4; lastKnownFileType = sourcecode.c.objc; path = HHIconView.m; sourceTree = "<group>"; };
		E0A7B8751EB8902F00E11894 /* QuartzCore.framework */ = {isa = PBXFileReference; lastKnownFileType = wrapper.framework; name = QuartzCore.framework; path = System/Library/Frameworks/QuartzCore.framework; sourceTree = SDKROOT; };
		E0A7B8771EB8903800E11894 /* AVFoundation.framework */ = {isa = PBXFileReference; lastKnownFileType = wrapper.framework; name = AVFoundation.framework; path = System/Library/Frameworks/AVFoundation.framework; sourceTree = SDKROOT; };
		E0A7B8791EB8904000E11894 /* OpenGLES.framework */ = {isa = PBXFileReference; lastKnownFileType = wrapper.framework; name = OpenGLES.framework; path = System/Library/Frameworks/OpenGLES.framework; sourceTree = SDKROOT; };
		E0A7B87B1EB8904600E11894 /* CoreVideo.framework */ = {isa = PBXFileReference; lastKnownFileType = wrapper.framework; name = CoreVideo.framework; path = System/Library/Frameworks/CoreVideo.framework; sourceTree = SDKROOT; };
		E0A7B87D1EB8904D00E11894 /* CoreMedia.framework */ = {isa = PBXFileReference; lastKnownFileType = wrapper.framework; name = CoreMedia.framework; path = System/Library/Frameworks/CoreMedia.framework; sourceTree = SDKROOT; };
		E0A7B87F1EB890B900E11894 /* GLProgram.h */ = {isa = PBXFileReference; fileEncoding = 4; lastKnownFileType = sourcecode.c.h; path = GLProgram.h; sourceTree = "<group>"; };
		E0A7B8801EB890B900E11894 /* GPUImage.h */ = {isa = PBXFileReference; fileEncoding = 4; lastKnownFileType = sourcecode.c.h; path = GPUImage.h; sourceTree = "<group>"; };
		E0A7B8811EB890B900E11894 /* GPUImage3x3ConvolutionFilter.h */ = {isa = PBXFileReference; fileEncoding = 4; lastKnownFileType = sourcecode.c.h; path = GPUImage3x3ConvolutionFilter.h; sourceTree = "<group>"; };
		E0A7B8821EB890B900E11894 /* GPUImage3x3TextureSamplingFilter.h */ = {isa = PBXFileReference; fileEncoding = 4; lastKnownFileType = sourcecode.c.h; path = GPUImage3x3TextureSamplingFilter.h; sourceTree = "<group>"; };
		E0A7B8831EB890B900E11894 /* GPUImageAdaptiveThresholdFilter.h */ = {isa = PBXFileReference; fileEncoding = 4; lastKnownFileType = sourcecode.c.h; path = GPUImageAdaptiveThresholdFilter.h; sourceTree = "<group>"; };
		E0A7B8841EB890B900E11894 /* GPUImageAddBlendFilter.h */ = {isa = PBXFileReference; fileEncoding = 4; lastKnownFileType = sourcecode.c.h; path = GPUImageAddBlendFilter.h; sourceTree = "<group>"; };
		E0A7B8851EB890B900E11894 /* GPUImageAlphaBlendFilter.h */ = {isa = PBXFileReference; fileEncoding = 4; lastKnownFileType = sourcecode.c.h; path = GPUImageAlphaBlendFilter.h; sourceTree = "<group>"; };
		E0A7B8861EB890B900E11894 /* GPUImageAmatorkaFilter.h */ = {isa = PBXFileReference; fileEncoding = 4; lastKnownFileType = sourcecode.c.h; path = GPUImageAmatorkaFilter.h; sourceTree = "<group>"; };
		E0A7B8871EB890B900E11894 /* GPUImageAverageColor.h */ = {isa = PBXFileReference; fileEncoding = 4; lastKnownFileType = sourcecode.c.h; path = GPUImageAverageColor.h; sourceTree = "<group>"; };
		E0A7B8881EB890B900E11894 /* GPUImageAverageLuminanceThresholdFilter.h */ = {isa = PBXFileReference; fileEncoding = 4; lastKnownFileType = sourcecode.c.h; path = GPUImageAverageLuminanceThresholdFilter.h; sourceTree = "<group>"; };
		E0A7B8891EB890B900E11894 /* GPUImageBilateralFilter.h */ = {isa = PBXFileReference; fileEncoding = 4; lastKnownFileType = sourcecode.c.h; path = GPUImageBilateralFilter.h; sourceTree = "<group>"; };
		E0A7B88A1EB890B900E11894 /* GPUImageBoxBlurFilter.h */ = {isa = PBXFileReference; fileEncoding = 4; lastKnownFileType = sourcecode.c.h; path = GPUImageBoxBlurFilter.h; sourceTree = "<group>"; };
		E0A7B88B1EB890B900E11894 /* GPUImageBrightnessFilter.h */ = {isa = PBXFileReference; fileEncoding = 4; lastKnownFileType = sourcecode.c.h; path = GPUImageBrightnessFilter.h; sourceTree = "<group>"; };
		E0A7B88C1EB890B900E11894 /* GPUImageBuffer.h */ = {isa = PBXFileReference; fileEncoding = 4; lastKnownFileType = sourcecode.c.h; path = GPUImageBuffer.h; sourceTree = "<group>"; };
		E0A7B88D1EB890B900E11894 /* GPUImageBulgeDistortionFilter.h */ = {isa = PBXFileReference; fileEncoding = 4; lastKnownFileType = sourcecode.c.h; path = GPUImageBulgeDistortionFilter.h; sourceTree = "<group>"; };
		E0A7B88E1EB890B900E11894 /* GPUImageCannyEdgeDetectionFilter.h */ = {isa = PBXFileReference; fileEncoding = 4; lastKnownFileType = sourcecode.c.h; path = GPUImageCannyEdgeDetectionFilter.h; sourceTree = "<group>"; };
		E0A7B88F1EB890B900E11894 /* GPUImageCGAColorspaceFilter.h */ = {isa = PBXFileReference; fileEncoding = 4; lastKnownFileType = sourcecode.c.h; path = GPUImageCGAColorspaceFilter.h; sourceTree = "<group>"; };
		E0A7B8901EB890B900E11894 /* GPUImageChromaKeyBlendFilter.h */ = {isa = PBXFileReference; fileEncoding = 4; lastKnownFileType = sourcecode.c.h; path = GPUImageChromaKeyBlendFilter.h; sourceTree = "<group>"; };
		E0A7B8911EB890B900E11894 /* GPUImageChromaKeyFilter.h */ = {isa = PBXFileReference; fileEncoding = 4; lastKnownFileType = sourcecode.c.h; path = GPUImageChromaKeyFilter.h; sourceTree = "<group>"; };
		E0A7B8921EB890B900E11894 /* GPUImageClosingFilter.h */ = {isa = PBXFileReference; fileEncoding = 4; lastKnownFileType = sourcecode.c.h; path = GPUImageClosingFilter.h; sourceTree = "<group>"; };
		E0A7B8931EB890B900E11894 /* GPUImageColorBlendFilter.h */ = {isa = PBXFileReference; fileEncoding = 4; lastKnownFileType = sourcecode.c.h; path = GPUImageColorBlendFilter.h; sourceTree = "<group>"; };
		E0A7B8941EB890B900E11894 /* GPUImageColorBurnBlendFilter.h */ = {isa = PBXFileReference; fileEncoding = 4; lastKnownFileType = sourcecode.c.h; path = GPUImageColorBurnBlendFilter.h; sourceTree = "<group>"; };
		E0A7B8951EB890B900E11894 /* GPUImageColorConversion.h */ = {isa = PBXFileReference; fileEncoding = 4; lastKnownFileType = sourcecode.c.h; path = GPUImageColorConversion.h; sourceTree = "<group>"; };
		E0A7B8961EB890B900E11894 /* GPUImageColorDodgeBlendFilter.h */ = {isa = PBXFileReference; fileEncoding = 4; lastKnownFileType = sourcecode.c.h; path = GPUImageColorDodgeBlendFilter.h; sourceTree = "<group>"; };
		E0A7B8971EB890B900E11894 /* GPUImageColorInvertFilter.h */ = {isa = PBXFileReference; fileEncoding = 4; lastKnownFileType = sourcecode.c.h; path = GPUImageColorInvertFilter.h; sourceTree = "<group>"; };
		E0A7B8981EB890B900E11894 /* GPUImageColorLocalBinaryPatternFilter.h */ = {isa = PBXFileReference; fileEncoding = 4; lastKnownFileType = sourcecode.c.h; path = GPUImageColorLocalBinaryPatternFilter.h; sourceTree = "<group>"; };
		E0A7B8991EB890B900E11894 /* GPUImageColorMatrixFilter.h */ = {isa = PBXFileReference; fileEncoding = 4; lastKnownFileType = sourcecode.c.h; path = GPUImageColorMatrixFilter.h; sourceTree = "<group>"; };
		E0A7B89A1EB890B900E11894 /* GPUImageColorPackingFilter.h */ = {isa = PBXFileReference; fileEncoding = 4; lastKnownFileType = sourcecode.c.h; path = GPUImageColorPackingFilter.h; sourceTree = "<group>"; };
		E0A7B89B1EB890B900E11894 /* GPUImageColourFASTFeatureDetector.h */ = {isa = PBXFileReference; fileEncoding = 4; lastKnownFileType = sourcecode.c.h; path = GPUImageColourFASTFeatureDetector.h; sourceTree = "<group>"; };
		E0A7B89C1EB890B900E11894 /* GPUImageColourFASTSamplingOperation.h */ = {isa = PBXFileReference; fileEncoding = 4; lastKnownFileType = sourcecode.c.h; path = GPUImageColourFASTSamplingOperation.h; sourceTree = "<group>"; };
		E0A7B89D1EB890B900E11894 /* GPUImageContext.h */ = {isa = PBXFileReference; fileEncoding = 4; lastKnownFileType = sourcecode.c.h; path = GPUImageContext.h; sourceTree = "<group>"; };
		E0A7B89E1EB890B900E11894 /* GPUImageContrastFilter.h */ = {isa = PBXFileReference; fileEncoding = 4; lastKnownFileType = sourcecode.c.h; path = GPUImageContrastFilter.h; sourceTree = "<group>"; };
		E0A7B89F1EB890B900E11894 /* GPUImageCropFilter.h */ = {isa = PBXFileReference; fileEncoding = 4; lastKnownFileType = sourcecode.c.h; path = GPUImageCropFilter.h; sourceTree = "<group>"; };
		E0A7B8A01EB890B900E11894 /* GPUImageCrosshairGenerator.h */ = {isa = PBXFileReference; fileEncoding = 4; lastKnownFileType = sourcecode.c.h; path = GPUImageCrosshairGenerator.h; sourceTree = "<group>"; };
		E0A7B8A11EB890B900E11894 /* GPUImageCrosshatchFilter.h */ = {isa = PBXFileReference; fileEncoding = 4; lastKnownFileType = sourcecode.c.h; path = GPUImageCrosshatchFilter.h; sourceTree = "<group>"; };
		E0A7B8A21EB890B900E11894 /* GPUImageDarkenBlendFilter.h */ = {isa = PBXFileReference; fileEncoding = 4; lastKnownFileType = sourcecode.c.h; path = GPUImageDarkenBlendFilter.h; sourceTree = "<group>"; };
		E0A7B8A31EB890B900E11894 /* GPUImageDifferenceBlendFilter.h */ = {isa = PBXFileReference; fileEncoding = 4; lastKnownFileType = sourcecode.c.h; path = GPUImageDifferenceBlendFilter.h; sourceTree = "<group>"; };
		E0A7B8A41EB890B900E11894 /* GPUImageDilationFilter.h */ = {isa = PBXFileReference; fileEncoding = 4; lastKnownFileType = sourcecode.c.h; path = GPUImageDilationFilter.h; sourceTree = "<group>"; };
		E0A7B8A51EB890B900E11894 /* GPUImageDirectionalNonMaximumSuppressionFilter.h */ = {isa = PBXFileReference; fileEncoding = 4; lastKnownFileType = sourcecode.c.h; path = GPUImageDirectionalNonMaximumSuppressionFilter.h; sourceTree = "<group>"; };
		E0A7B8A61EB890B900E11894 /* GPUImageDirectionalSobelEdgeDetectionFilter.h */ = {isa = PBXFileReference; fileEncoding = 4; lastKnownFileType = sourcecode.c.h; path = GPUImageDirectionalSobelEdgeDetectionFilter.h; sourceTree = "<group>"; };
		E0A7B8A71EB890B900E11894 /* GPUImageDissolveBlendFilter.h */ = {isa = PBXFileReference; fileEncoding = 4; lastKnownFileType = sourcecode.c.h; path = GPUImageDissolveBlendFilter.h; sourceTree = "<group>"; };
		E0A7B8A81EB890B900E11894 /* GPUImageDivideBlendFilter.h */ = {isa = PBXFileReference; fileEncoding = 4; lastKnownFileType = sourcecode.c.h; path = GPUImageDivideBlendFilter.h; sourceTree = "<group>"; };
		E0A7B8A91EB890B900E11894 /* GPUImageEmbossFilter.h */ = {isa = PBXFileReference; fileEncoding = 4; lastKnownFileType = sourcecode.c.h; path = GPUImageEmbossFilter.h; sourceTree = "<group>"; };
		E0A7B8AA1EB890B900E11894 /* GPUImageErosionFilter.h */ = {isa = PBXFileReference; fileEncoding = 4; lastKnownFileType = sourcecode.c.h; path = GPUImageErosionFilter.h; sourceTree = "<group>"; };
		E0A7B8AB1EB890B900E11894 /* GPUImageExclusionBlendFilter.h */ = {isa = PBXFileReference; fileEncoding = 4; lastKnownFileType = sourcecode.c.h; path = GPUImageExclusionBlendFilter.h; sourceTree = "<group>"; };
		E0A7B8AC1EB890B900E11894 /* GPUImageExposureFilter.h */ = {isa = PBXFileReference; fileEncoding = 4; lastKnownFileType = sourcecode.c.h; path = GPUImageExposureFilter.h; sourceTree = "<group>"; };
		E0A7B8AD1EB890B900E11894 /* GPUImageFalseColorFilter.h */ = {isa = PBXFileReference; fileEncoding = 4; lastKnownFileType = sourcecode.c.h; path = GPUImageFalseColorFilter.h; sourceTree = "<group>"; };
		E0A7B8AE1EB890B900E11894 /* GPUImageFASTCornerDetectionFilter.h */ = {isa = PBXFileReference; fileEncoding = 4; lastKnownFileType = sourcecode.c.h; path = GPUImageFASTCornerDetectionFilter.h; sourceTree = "<group>"; };
		E0A7B8AF1EB890B900E11894 /* GPUImageFilter.h */ = {isa = PBXFileReference; fileEncoding = 4; lastKnownFileType = sourcecode.c.h; path = GPUImageFilter.h; sourceTree = "<group>"; };
		E0A7B8B01EB890B900E11894 /* GPUImageFilterGroup.h */ = {isa = PBXFileReference; fileEncoding = 4; lastKnownFileType = sourcecode.c.h; path = GPUImageFilterGroup.h; sourceTree = "<group>"; };
		E0A7B8B11EB890B900E11894 /* GPUImageFilterPipeline.h */ = {isa = PBXFileReference; fileEncoding = 4; lastKnownFileType = sourcecode.c.h; path = GPUImageFilterPipeline.h; sourceTree = "<group>"; };
		E0A7B8B21EB890B900E11894 /* GPUImageFourInputFilter.h */ = {isa = PBXFileReference; fileEncoding = 4; lastKnownFileType = sourcecode.c.h; path = GPUImageFourInputFilter.h; sourceTree = "<group>"; };
		E0A7B8B31EB890B900E11894 /* GPUImageFramebuffer.h */ = {isa = PBXFileReference; fileEncoding = 4; lastKnownFileType = sourcecode.c.h; path = GPUImageFramebuffer.h; sourceTree = "<group>"; };
		E0A7B8B41EB890B900E11894 /* GPUImageFramebufferCache.h */ = {isa = PBXFileReference; fileEncoding = 4; lastKnownFileType = sourcecode.c.h; path = GPUImageFramebufferCache.h; sourceTree = "<group>"; };
		E0A7B8B51EB890B900E11894 /* GPUImageFramework.h */ = {isa = PBXFileReference; fileEncoding = 4; lastKnownFileType = sourcecode.c.h; path = GPUImageFramework.h; sourceTree = "<group>"; };
		E0A7B8B61EB890B900E11894 /* GPUImageGammaFilter.h */ = {isa = PBXFileReference; fileEncoding = 4; lastKnownFileType = sourcecode.c.h; path = GPUImageGammaFilter.h; sourceTree = "<group>"; };
		E0A7B8B71EB890B900E11894 /* GPUImageGaussianBlurFilter.h */ = {isa = PBXFileReference; fileEncoding = 4; lastKnownFileType = sourcecode.c.h; path = GPUImageGaussianBlurFilter.h; sourceTree = "<group>"; };
		E0A7B8B81EB890B900E11894 /* GPUImageGaussianBlurPositionFilter.h */ = {isa = PBXFileReference; fileEncoding = 4; lastKnownFileType = sourcecode.c.h; path = GPUImageGaussianBlurPositionFilter.h; sourceTree = "<group>"; };
		E0A7B8B91EB890B900E11894 /* GPUImageGaussianSelectiveBlurFilter.h */ = {isa = PBXFileReference; fileEncoding = 4; lastKnownFileType = sourcecode.c.h; path = GPUImageGaussianSelectiveBlurFilter.h; sourceTree = "<group>"; };
		E0A7B8BA1EB890B900E11894 /* GPUImageGlassSphereFilter.h */ = {isa = PBXFileReference; fileEncoding = 4; lastKnownFileType = sourcecode.c.h; path = GPUImageGlassSphereFilter.h; sourceTree = "<group>"; };
		E0A7B8BB1EB890B900E11894 /* GPUImageGrayscaleFilter.h */ = {isa = PBXFileReference; fileEncoding = 4; lastKnownFileType = sourcecode.c.h; path = GPUImageGrayscaleFilter.h; sourceTree = "<group>"; };
		E0A7B8BC1EB890B900E11894 /* GPUImageHalftoneFilter.h */ = {isa = PBXFileReference; fileEncoding = 4; lastKnownFileType = sourcecode.c.h; path = GPUImageHalftoneFilter.h; sourceTree = "<group>"; };
		E0A7B8BD1EB890B900E11894 /* GPUImageHardLightBlendFilter.h */ = {isa = PBXFileReference; fileEncoding = 4; lastKnownFileType = sourcecode.c.h; path = GPUImageHardLightBlendFilter.h; sourceTree = "<group>"; };
		E0A7B8BE1EB890B900E11894 /* GPUImageHarrisCornerDetectionFilter.h */ = {isa = PBXFileReference; fileEncoding = 4; lastKnownFileType = sourcecode.c.h; path = GPUImageHarrisCornerDetectionFilter.h; sourceTree = "<group>"; };
		E0A7B8BF1EB890B900E11894 /* GPUImageHazeFilter.h */ = {isa = PBXFileReference; fileEncoding = 4; lastKnownFileType = sourcecode.c.h; path = GPUImageHazeFilter.h; sourceTree = "<group>"; };
		E0A7B8C01EB890B900E11894 /* GPUImageHighlightShadowFilter.h */ = {isa = PBXFileReference; fileEncoding = 4; lastKnownFileType = sourcecode.c.h; path = GPUImageHighlightShadowFilter.h; sourceTree = "<group>"; };
		E0A7B8C11EB890B900E11894 /* GPUImageHighPassFilter.h */ = {isa = PBXFileReference; fileEncoding = 4; lastKnownFileType = sourcecode.c.h; path = GPUImageHighPassFilter.h; sourceTree = "<group>"; };
		E0A7B8C21EB890B900E11894 /* GPUImageHistogramEqualizationFilter.h */ = {isa = PBXFileReference; fileEncoding = 4; lastKnownFileType = sourcecode.c.h; path = GPUImageHistogramEqualizationFilter.h; sourceTree = "<group>"; };
		E0A7B8C31EB890B900E11894 /* GPUImageHistogramFilter.h */ = {isa = PBXFileReference; fileEncoding = 4; lastKnownFileType = sourcecode.c.h; path = GPUImageHistogramFilter.h; sourceTree = "<group>"; };
		E0A7B8C41EB890B900E11894 /* GPUImageHistogramGenerator.h */ = {isa = PBXFileReference; fileEncoding = 4; lastKnownFileType = sourcecode.c.h; path = GPUImageHistogramGenerator.h; sourceTree = "<group>"; };
		E0A7B8C51EB890B900E11894 /* GPUImageHoughTransformLineDetector.h */ = {isa = PBXFileReference; fileEncoding = 4; lastKnownFileType = sourcecode.c.h; path = GPUImageHoughTransformLineDetector.h; sourceTree = "<group>"; };
		E0A7B8C61EB890B900E11894 /* GPUImageHSBFilter.h */ = {isa = PBXFileReference; fileEncoding = 4; lastKnownFileType = sourcecode.c.h; path = GPUImageHSBFilter.h; sourceTree = "<group>"; };
		E0A7B8C71EB890B900E11894 /* GPUImageHueBlendFilter.h */ = {isa = PBXFileReference; fileEncoding = 4; lastKnownFileType = sourcecode.c.h; path = GPUImageHueBlendFilter.h; sourceTree = "<group>"; };
		E0A7B8C81EB890B900E11894 /* GPUImageHueFilter.h */ = {isa = PBXFileReference; fileEncoding = 4; lastKnownFileType = sourcecode.c.h; path = GPUImageHueFilter.h; sourceTree = "<group>"; };
		E0A7B8C91EB890B900E11894 /* GPUImageiOSBlurFilter.h */ = {isa = PBXFileReference; fileEncoding = 4; lastKnownFileType = sourcecode.c.h; path = GPUImageiOSBlurFilter.h; sourceTree = "<group>"; };
		E0A7B8CA1EB890B900E11894 /* GPUImageJFAVoronoiFilter.h */ = {isa = PBXFileReference; fileEncoding = 4; lastKnownFileType = sourcecode.c.h; path = GPUImageJFAVoronoiFilter.h; sourceTree = "<group>"; };
		E0A7B8CB1EB890B900E11894 /* GPUImageKuwaharaFilter.h */ = {isa = PBXFileReference; fileEncoding = 4; lastKnownFileType = sourcecode.c.h; path = GPUImageKuwaharaFilter.h; sourceTree = "<group>"; };
		E0A7B8CC1EB890B900E11894 /* GPUImageKuwaharaRadius3Filter.h */ = {isa = PBXFileReference; fileEncoding = 4; lastKnownFileType = sourcecode.c.h; path = GPUImageKuwaharaRadius3Filter.h; sourceTree = "<group>"; };
		E0A7B8CD1EB890B900E11894 /* GPUImageLanczosResamplingFilter.h */ = {isa = PBXFileReference; fileEncoding = 4; lastKnownFileType = sourcecode.c.h; path = GPUImageLanczosResamplingFilter.h; sourceTree = "<group>"; };
		E0A7B8CE1EB890B900E11894 /* GPUImageLaplacianFilter.h */ = {isa = PBXFileReference; fileEncoding = 4; lastKnownFileType = sourcecode.c.h; path = GPUImageLaplacianFilter.h; sourceTree = "<group>"; };
		E0A7B8CF1EB890B900E11894 /* GPUImageLevelsFilter.h */ = {isa = PBXFileReference; fileEncoding = 4; lastKnownFileType = sourcecode.c.h; path = GPUImageLevelsFilter.h; sourceTree = "<group>"; };
		E0A7B8D01EB890B900E11894 /* GPUImageLightenBlendFilter.h */ = {isa = PBXFileReference; fileEncoding = 4; lastKnownFileType = sourcecode.c.h; path = GPUImageLightenBlendFilter.h; sourceTree = "<group>"; };
		E0A7B8D11EB890B900E11894 /* GPUImageLinearBurnBlendFilter.h */ = {isa = PBXFileReference; fileEncoding = 4; lastKnownFileType = sourcecode.c.h; path = GPUImageLinearBurnBlendFilter.h; sourceTree = "<group>"; };
		E0A7B8D21EB890B900E11894 /* GPUImageLineGenerator.h */ = {isa = PBXFileReference; fileEncoding = 4; lastKnownFileType = sourcecode.c.h; path = GPUImageLineGenerator.h; sourceTree = "<group>"; };
		E0A7B8D31EB890B900E11894 /* GPUImageLocalBinaryPatternFilter.h */ = {isa = PBXFileReference; fileEncoding = 4; lastKnownFileType = sourcecode.c.h; path = GPUImageLocalBinaryPatternFilter.h; sourceTree = "<group>"; };
		E0A7B8D41EB890B900E11894 /* GPUImageLookupFilter.h */ = {isa = PBXFileReference; fileEncoding = 4; lastKnownFileType = sourcecode.c.h; path = GPUImageLookupFilter.h; sourceTree = "<group>"; };
		E0A7B8D51EB890B900E11894 /* GPUImageLowPassFilter.h */ = {isa = PBXFileReference; fileEncoding = 4; lastKnownFileType = sourcecode.c.h; path = GPUImageLowPassFilter.h; sourceTree = "<group>"; };
		E0A7B8D61EB890B900E11894 /* GPUImageLuminanceRangeFilter.h */ = {isa = PBXFileReference; fileEncoding = 4; lastKnownFileType = sourcecode.c.h; path = GPUImageLuminanceRangeFilter.h; sourceTree = "<group>"; };
		E0A7B8D71EB890B900E11894 /* GPUImageLuminanceThresholdFilter.h */ = {isa = PBXFileReference; fileEncoding = 4; lastKnownFileType = sourcecode.c.h; path = GPUImageLuminanceThresholdFilter.h; sourceTree = "<group>"; };
		E0A7B8D81EB890B900E11894 /* GPUImageLuminosity.h */ = {isa = PBXFileReference; fileEncoding = 4; lastKnownFileType = sourcecode.c.h; path = GPUImageLuminosity.h; sourceTree = "<group>"; };
		E0A7B8D91EB890B900E11894 /* GPUImageLuminosityBlendFilter.h */ = {isa = PBXFileReference; fileEncoding = 4; lastKnownFileType = sourcecode.c.h; path = GPUImageLuminosityBlendFilter.h; sourceTree = "<group>"; };
		E0A7B8DA1EB890B900E11894 /* GPUImageMaskFilter.h */ = {isa = PBXFileReference; fileEncoding = 4; lastKnownFileType = sourcecode.c.h; path = GPUImageMaskFilter.h; sourceTree = "<group>"; };
		E0A7B8DB1EB890B900E11894 /* GPUImageMedianFilter.h */ = {isa = PBXFileReference; fileEncoding = 4; lastKnownFileType = sourcecode.c.h; path = GPUImageMedianFilter.h; sourceTree = "<group>"; };
		E0A7B8DC1EB890B900E11894 /* GPUImageMissEtikateFilter.h */ = {isa = PBXFileReference; fileEncoding = 4; lastKnownFileType = sourcecode.c.h; path = GPUImageMissEtikateFilter.h; sourceTree = "<group>"; };
		E0A7B8DD1EB890B900E11894 /* GPUImageMonochromeFilter.h */ = {isa = PBXFileReference; fileEncoding = 4; lastKnownFileType = sourcecode.c.h; path = GPUImageMonochromeFilter.h; sourceTree = "<group>"; };
		E0A7B8DE1EB890B900E11894 /* GPUImageMosaicFilter.h */ = {isa = PBXFileReference; fileEncoding = 4; lastKnownFileType = sourcecode.c.h; path = GPUImageMosaicFilter.h; sourceTree = "<group>"; };
		E0A7B8DF1EB890B900E11894 /* GPUImageMotionBlurFilter.h */ = {isa = PBXFileReference; fileEncoding = 4; lastKnownFileType = sourcecode.c.h; path = GPUImageMotionBlurFilter.h; sourceTree = "<group>"; };
		E0A7B8E01EB890B900E11894 /* GPUImageMotionDetector.h */ = {isa = PBXFileReference; fileEncoding = 4; lastKnownFileType = sourcecode.c.h; path = GPUImageMotionDetector.h; sourceTree = "<group>"; };
		E0A7B8E11EB890B900E11894 /* GPUImageMovie.h */ = {isa = PBXFileReference; fileEncoding = 4; lastKnownFileType = sourcecode.c.h; path = GPUImageMovie.h; sourceTree = "<group>"; };
		E0A7B8E21EB890B900E11894 /* GPUImageMovieComposition.h */ = {isa = PBXFileReference; fileEncoding = 4; lastKnownFileType = sourcecode.c.h; path = GPUImageMovieComposition.h; sourceTree = "<group>"; };
		E0A7B8E31EB890B900E11894 /* GPUImageMovieWriter.h */ = {isa = PBXFileReference; fileEncoding = 4; lastKnownFileType = sourcecode.c.h; path = GPUImageMovieWriter.h; sourceTree = "<group>"; };
		E0A7B8E41EB890B900E11894 /* GPUImageMultiplyBlendFilter.h */ = {isa = PBXFileReference; fileEncoding = 4; lastKnownFileType = sourcecode.c.h; path = GPUImageMultiplyBlendFilter.h; sourceTree = "<group>"; };
		E0A7B8E51EB890B900E11894 /* GPUImageNobleCornerDetectionFilter.h */ = {isa = PBXFileReference; fileEncoding = 4; lastKnownFileType = sourcecode.c.h; path = GPUImageNobleCornerDetectionFilter.h; sourceTree = "<group>"; };
		E0A7B8E61EB890B900E11894 /* GPUImageNonMaximumSuppressionFilter.h */ = {isa = PBXFileReference; fileEncoding = 4; lastKnownFileType = sourcecode.c.h; path = GPUImageNonMaximumSuppressionFilter.h; sourceTree = "<group>"; };
		E0A7B8E71EB890B900E11894 /* GPUImageNormalBlendFilter.h */ = {isa = PBXFileReference; fileEncoding = 4; lastKnownFileType = sourcecode.c.h; path = GPUImageNormalBlendFilter.h; sourceTree = "<group>"; };
		E0A7B8E81EB890B900E11894 /* GPUImageOpacityFilter.h */ = {isa = PBXFileReference; fileEncoding = 4; lastKnownFileType = sourcecode.c.h; path = GPUImageOpacityFilter.h; sourceTree = "<group>"; };
		E0A7B8E91EB890B900E11894 /* GPUImageOpeningFilter.h */ = {isa = PBXFileReference; fileEncoding = 4; lastKnownFileType = sourcecode.c.h; path = GPUImageOpeningFilter.h; sourceTree = "<group>"; };
		E0A7B8EA1EB890B900E11894 /* GPUImageOutput.h */ = {isa = PBXFileReference; fileEncoding = 4; lastKnownFileType = sourcecode.c.h; path = GPUImageOutput.h; sourceTree = "<group>"; };
		E0A7B8EB1EB890B900E11894 /* GPUImageOverlayBlendFilter.h */ = {isa = PBXFileReference; fileEncoding = 4; lastKnownFileType = sourcecode.c.h; path = GPUImageOverlayBlendFilter.h; sourceTree = "<group>"; };
		E0A7B8EC1EB890B900E11894 /* GPUImageParallelCoordinateLineTransformFilter.h */ = {isa = PBXFileReference; fileEncoding = 4; lastKnownFileType = sourcecode.c.h; path = GPUImageParallelCoordinateLineTransformFilter.h; sourceTree = "<group>"; };
		E0A7B8ED1EB890B900E11894 /* GPUImagePerlinNoiseFilter.h */ = {isa = PBXFileReference; fileEncoding = 4; lastKnownFileType = sourcecode.c.h; path = GPUImagePerlinNoiseFilter.h; sourceTree = "<group>"; };
		E0A7B8EE1EB890B900E11894 /* GPUImagePicture.h */ = {isa = PBXFileReference; fileEncoding = 4; lastKnownFileType = sourcecode.c.h; path = GPUImagePicture.h; sourceTree = "<group>"; };
		E0A7B8EF1EB890B900E11894 /* GPUImagePicture+TextureSubimage.h */ = {isa = PBXFileReference; fileEncoding = 4; lastKnownFileType = sourcecode.c.h; path = "GPUImagePicture+TextureSubimage.h"; sourceTree = "<group>"; };
		E0A7B8F01EB890B900E11894 /* GPUImagePinchDistortionFilter.h */ = {isa = PBXFileReference; fileEncoding = 4; lastKnownFileType = sourcecode.c.h; path = GPUImagePinchDistortionFilter.h; sourceTree = "<group>"; };
		E0A7B8F11EB890B900E11894 /* GPUImagePixellateFilter.h */ = {isa = PBXFileReference; fileEncoding = 4; lastKnownFileType = sourcecode.c.h; path = GPUImagePixellateFilter.h; sourceTree = "<group>"; };
		E0A7B8F21EB890B900E11894 /* GPUImagePixellatePositionFilter.h */ = {isa = PBXFileReference; fileEncoding = 4; lastKnownFileType = sourcecode.c.h; path = GPUImagePixellatePositionFilter.h; sourceTree = "<group>"; };
		E0A7B8F31EB890B900E11894 /* GPUImagePoissonBlendFilter.h */ = {isa = PBXFileReference; fileEncoding = 4; lastKnownFileType = sourcecode.c.h; path = GPUImagePoissonBlendFilter.h; sourceTree = "<group>"; };
		E0A7B8F41EB890B900E11894 /* GPUImagePolarPixellateFilter.h */ = {isa = PBXFileReference; fileEncoding = 4; lastKnownFileType = sourcecode.c.h; path = GPUImagePolarPixellateFilter.h; sourceTree = "<group>"; };
		E0A7B8F51EB890B900E11894 /* GPUImagePolkaDotFilter.h */ = {isa = PBXFileReference; fileEncoding = 4; lastKnownFileType = sourcecode.c.h; path = GPUImagePolkaDotFilter.h; sourceTree = "<group>"; };
		E0A7B8F61EB890B900E11894 /* GPUImagePosterizeFilter.h */ = {isa = PBXFileReference; fileEncoding = 4; lastKnownFileType = sourcecode.c.h; path = GPUImagePosterizeFilter.h; sourceTree = "<group>"; };
		E0A7B8F71EB890B900E11894 /* GPUImagePrewittEdgeDetectionFilter.h */ = {isa = PBXFileReference; fileEncoding = 4; lastKnownFileType = sourcecode.c.h; path = GPUImagePrewittEdgeDetectionFilter.h; sourceTree = "<group>"; };
		E0A7B8F81EB890B900E11894 /* GPUImageRawDataInput.h */ = {isa = PBXFileReference; fileEncoding = 4; lastKnownFileType = sourcecode.c.h; path = GPUImageRawDataInput.h; sourceTree = "<group>"; };
		E0A7B8F91EB890B900E11894 /* GPUImageRawDataOutput.h */ = {isa = PBXFileReference; fileEncoding = 4; lastKnownFileType = sourcecode.c.h; path = GPUImageRawDataOutput.h; sourceTree = "<group>"; };
		E0A7B8FA1EB890B900E11894 /* GPUImageRGBClosingFilter.h */ = {isa = PBXFileReference; fileEncoding = 4; lastKnownFileType = sourcecode.c.h; path = GPUImageRGBClosingFilter.h; sourceTree = "<group>"; };
		E0A7B8FB1EB890B900E11894 /* GPUImageRGBDilationFilter.h */ = {isa = PBXFileReference; fileEncoding = 4; lastKnownFileType = sourcecode.c.h; path = GPUImageRGBDilationFilter.h; sourceTree = "<group>"; };
		E0A7B8FC1EB890B900E11894 /* GPUImageRGBErosionFilter.h */ = {isa = PBXFileReference; fileEncoding = 4; lastKnownFileType = sourcecode.c.h; path = GPUImageRGBErosionFilter.h; sourceTree = "<group>"; };
		E0A7B8FD1EB890B900E11894 /* GPUImageRGBFilter.h */ = {isa = PBXFileReference; fileEncoding = 4; lastKnownFileType = sourcecode.c.h; path = GPUImageRGBFilter.h; sourceTree = "<group>"; };
		E0A7B8FE1EB890B900E11894 /* GPUImageRGBOpeningFilter.h */ = {isa = PBXFileReference; fileEncoding = 4; lastKnownFileType = sourcecode.c.h; path = GPUImageRGBOpeningFilter.h; sourceTree = "<group>"; };
		E0A7B8FF1EB890B900E11894 /* GPUImageSaturationBlendFilter.h */ = {isa = PBXFileReference; fileEncoding = 4; lastKnownFileType = sourcecode.c.h; path = GPUImageSaturationBlendFilter.h; sourceTree = "<group>"; };
		E0A7B9001EB890B900E11894 /* GPUImageSaturationFilter.h */ = {isa = PBXFileReference; fileEncoding = 4; lastKnownFileType = sourcecode.c.h; path = GPUImageSaturationFilter.h; sourceTree = "<group>"; };
		E0A7B9011EB890B900E11894 /* GPUImageScreenBlendFilter.h */ = {isa = PBXFileReference; fileEncoding = 4; lastKnownFileType = sourcecode.c.h; path = GPUImageScreenBlendFilter.h; sourceTree = "<group>"; };
		E0A7B9021EB890B900E11894 /* GPUImageSepiaFilter.h */ = {isa = PBXFileReference; fileEncoding = 4; lastKnownFileType = sourcecode.c.h; path = GPUImageSepiaFilter.h; sourceTree = "<group>"; };
		E0A7B9031EB890B900E11894 /* GPUImageSharpenFilter.h */ = {isa = PBXFileReference; fileEncoding = 4; lastKnownFileType = sourcecode.c.h; path = GPUImageSharpenFilter.h; sourceTree = "<group>"; };
		E0A7B9041EB890B900E11894 /* GPUImageShiTomasiFeatureDetectionFilter.h */ = {isa = PBXFileReference; fileEncoding = 4; lastKnownFileType = sourcecode.c.h; path = GPUImageShiTomasiFeatureDetectionFilter.h; sourceTree = "<group>"; };
		E0A7B9051EB890B900E11894 /* GPUImageSingleComponentGaussianBlurFilter.h */ = {isa = PBXFileReference; fileEncoding = 4; lastKnownFileType = sourcecode.c.h; path = GPUImageSingleComponentGaussianBlurFilter.h; sourceTree = "<group>"; };
		E0A7B9061EB890B900E11894 /* GPUImageSketchFilter.h */ = {isa = PBXFileReference; fileEncoding = 4; lastKnownFileType = sourcecode.c.h; path = GPUImageSketchFilter.h; sourceTree = "<group>"; };
		E0A7B9071EB890B900E11894 /* GPUImageSmoothToonFilter.h */ = {isa = PBXFileReference; fileEncoding = 4; lastKnownFileType = sourcecode.c.h; path = GPUImageSmoothToonFilter.h; sourceTree = "<group>"; };
		E0A7B9081EB890B900E11894 /* GPUImageSobelEdgeDetectionFilter.h */ = {isa = PBXFileReference; fileEncoding = 4; lastKnownFileType = sourcecode.c.h; path = GPUImageSobelEdgeDetectionFilter.h; sourceTree = "<group>"; };
		E0A7B9091EB890B900E11894 /* GPUImageSoftEleganceFilter.h */ = {isa = PBXFileReference; fileEncoding = 4; lastKnownFileType = sourcecode.c.h; path = GPUImageSoftEleganceFilter.h; sourceTree = "<group>"; };
		E0A7B90A1EB890B900E11894 /* GPUImageSoftLightBlendFilter.h */ = {isa = PBXFileReference; fileEncoding = 4; lastKnownFileType = sourcecode.c.h; path = GPUImageSoftLightBlendFilter.h; sourceTree = "<group>"; };
		E0A7B90B1EB890B900E11894 /* GPUImageSolarizeFilter.h */ = {isa = PBXFileReference; fileEncoding = 4; lastKnownFileType = sourcecode.c.h; path = GPUImageSolarizeFilter.h; sourceTree = "<group>"; };
		E0A7B90C1EB890B900E11894 /* GPUImageSolidColorGenerator.h */ = {isa = PBXFileReference; fileEncoding = 4; lastKnownFileType = sourcecode.c.h; path = GPUImageSolidColorGenerator.h; sourceTree = "<group>"; };
		E0A7B90D1EB890B900E11894 /* GPUImageSourceOverBlendFilter.h */ = {isa = PBXFileReference; fileEncoding = 4; lastKnownFileType = sourcecode.c.h; path = GPUImageSourceOverBlendFilter.h; sourceTree = "<group>"; };
		E0A7B90E1EB890BA00E11894 /* GPUImageSphereRefractionFilter.h */ = {isa = PBXFileReference; fileEncoding = 4; lastKnownFileType = sourcecode.c.h; path = GPUImageSphereRefractionFilter.h; sourceTree = "<group>"; };
		E0A7B90F1EB890BA00E11894 /* GPUImageStillCamera.h */ = {isa = PBXFileReference; fileEncoding = 4; lastKnownFileType = sourcecode.c.h; path = GPUImageStillCamera.h; sourceTree = "<group>"; };
		E0A7B9101EB890BA00E11894 /* GPUImageStretchDistortionFilter.h */ = {isa = PBXFileReference; fileEncoding = 4; lastKnownFileType = sourcecode.c.h; path = GPUImageStretchDistortionFilter.h; sourceTree = "<group>"; };
		E0A7B9111EB890BA00E11894 /* GPUImageSubtractBlendFilter.h */ = {isa = PBXFileReference; fileEncoding = 4; lastKnownFileType = sourcecode.c.h; path = GPUImageSubtractBlendFilter.h; sourceTree = "<group>"; };
		E0A7B9121EB890BA00E11894 /* GPUImageSwirlFilter.h */ = {isa = PBXFileReference; fileEncoding = 4; lastKnownFileType = sourcecode.c.h; path = GPUImageSwirlFilter.h; sourceTree = "<group>"; };
		E0A7B9131EB890BA00E11894 /* GPUImageTextureInput.h */ = {isa = PBXFileReference; fileEncoding = 4; lastKnownFileType = sourcecode.c.h; path = GPUImageTextureInput.h; sourceTree = "<group>"; };
		E0A7B9141EB890BA00E11894 /* GPUImageTextureOutput.h */ = {isa = PBXFileReference; fileEncoding = 4; lastKnownFileType = sourcecode.c.h; path = GPUImageTextureOutput.h; sourceTree = "<group>"; };
		E0A7B9151EB890BA00E11894 /* GPUImageThreeInputFilter.h */ = {isa = PBXFileReference; fileEncoding = 4; lastKnownFileType = sourcecode.c.h; path = GPUImageThreeInputFilter.h; sourceTree = "<group>"; };
		E0A7B9161EB890BA00E11894 /* GPUImageThresholdEdgeDetectionFilter.h */ = {isa = PBXFileReference; fileEncoding = 4; lastKnownFileType = sourcecode.c.h; path = GPUImageThresholdEdgeDetectionFilter.h; sourceTree = "<group>"; };
		E0A7B9171EB890BA00E11894 /* GPUImageThresholdedNonMaximumSuppressionFilter.h */ = {isa = PBXFileReference; fileEncoding = 4; lastKnownFileType = sourcecode.c.h; path = GPUImageThresholdedNonMaximumSuppressionFilter.h; sourceTree = "<group>"; };
		E0A7B9181EB890BA00E11894 /* GPUImageThresholdSketchFilter.h */ = {isa = PBXFileReference; fileEncoding = 4; lastKnownFileType = sourcecode.c.h; path = GPUImageThresholdSketchFilter.h; sourceTree = "<group>"; };
		E0A7B9191EB890BA00E11894 /* GPUImageTiltShiftFilter.h */ = {isa = PBXFileReference; fileEncoding = 4; lastKnownFileType = sourcecode.c.h; path = GPUImageTiltShiftFilter.h; sourceTree = "<group>"; };
		E0A7B91A1EB890BA00E11894 /* GPUImageToneCurveFilter.h */ = {isa = PBXFileReference; fileEncoding = 4; lastKnownFileType = sourcecode.c.h; path = GPUImageToneCurveFilter.h; sourceTree = "<group>"; };
		E0A7B91B1EB890BA00E11894 /* GPUImageToonFilter.h */ = {isa = PBXFileReference; fileEncoding = 4; lastKnownFileType = sourcecode.c.h; path = GPUImageToonFilter.h; sourceTree = "<group>"; };
		E0A7B91C1EB890BA00E11894 /* GPUImageTransformFilter.h */ = {isa = PBXFileReference; fileEncoding = 4; lastKnownFileType = sourcecode.c.h; path = GPUImageTransformFilter.h; sourceTree = "<group>"; };
		E0A7B91D1EB890BA00E11894 /* GPUImageTwoInputCrossTextureSamplingFilter.h */ = {isa = PBXFileReference; fileEncoding = 4; lastKnownFileType = sourcecode.c.h; path = GPUImageTwoInputCrossTextureSamplingFilter.h; sourceTree = "<group>"; };
		E0A7B91E1EB890BA00E11894 /* GPUImageTwoInputFilter.h */ = {isa = PBXFileReference; fileEncoding = 4; lastKnownFileType = sourcecode.c.h; path = GPUImageTwoInputFilter.h; sourceTree = "<group>"; };
		E0A7B91F1EB890BA00E11894 /* GPUImageTwoPassFilter.h */ = {isa = PBXFileReference; fileEncoding = 4; lastKnownFileType = sourcecode.c.h; path = GPUImageTwoPassFilter.h; sourceTree = "<group>"; };
		E0A7B9201EB890BA00E11894 /* GPUImageTwoPassTextureSamplingFilter.h */ = {isa = PBXFileReference; fileEncoding = 4; lastKnownFileType = sourcecode.c.h; path = GPUImageTwoPassTextureSamplingFilter.h; sourceTree = "<group>"; };
		E0A7B9211EB890BA00E11894 /* GPUImageUIElement.h */ = {isa = PBXFileReference; fileEncoding = 4; lastKnownFileType = sourcecode.c.h; path = GPUImageUIElement.h; sourceTree = "<group>"; };
		E0A7B9221EB890BA00E11894 /* GPUImageUnsharpMaskFilter.h */ = {isa = PBXFileReference; fileEncoding = 4; lastKnownFileType = sourcecode.c.h; path = GPUImageUnsharpMaskFilter.h; sourceTree = "<group>"; };
		E0A7B9231EB890BA00E11894 /* GPUImageVideoCamera.h */ = {isa = PBXFileReference; fileEncoding = 4; lastKnownFileType = sourcecode.c.h; path = GPUImageVideoCamera.h; sourceTree = "<group>"; };
		E0A7B9241EB890BA00E11894 /* GPUImageView.h */ = {isa = PBXFileReference; fileEncoding = 4; lastKnownFileType = sourcecode.c.h; path = GPUImageView.h; sourceTree = "<group>"; };
		E0A7B9251EB890BA00E11894 /* GPUImageVignetteFilter.h */ = {isa = PBXFileReference; fileEncoding = 4; lastKnownFileType = sourcecode.c.h; path = GPUImageVignetteFilter.h; sourceTree = "<group>"; };
		E0A7B9261EB890BA00E11894 /* GPUImageVoronoiConsumerFilter.h */ = {isa = PBXFileReference; fileEncoding = 4; lastKnownFileType = sourcecode.c.h; path = GPUImageVoronoiConsumerFilter.h; sourceTree = "<group>"; };
		E0A7B9271EB890BA00E11894 /* GPUImageWeakPixelInclusionFilter.h */ = {isa = PBXFileReference; fileEncoding = 4; lastKnownFileType = sourcecode.c.h; path = GPUImageWeakPixelInclusionFilter.h; sourceTree = "<group>"; };
		E0A7B9281EB890BA00E11894 /* GPUImageWhiteBalanceFilter.h */ = {isa = PBXFileReference; fileEncoding = 4; lastKnownFileType = sourcecode.c.h; path = GPUImageWhiteBalanceFilter.h; sourceTree = "<group>"; };
		E0A7B9291EB890BA00E11894 /* GPUImageXYDerivativeFilter.h */ = {isa = PBXFileReference; fileEncoding = 4; lastKnownFileType = sourcecode.c.h; path = GPUImageXYDerivativeFilter.h; sourceTree = "<group>"; };
		E0A7B92A1EB890BA00E11894 /* GPUImageZoomBlurFilter.h */ = {isa = PBXFileReference; fileEncoding = 4; lastKnownFileType = sourcecode.c.h; path = GPUImageZoomBlurFilter.h; sourceTree = "<group>"; };
		E0A7B92D1EB8912000E11894 /* libGPUImage.a */ = {isa = PBXFileReference; lastKnownFileType = archive.ar; name = libGPUImage.a; path = HHWallPaper/Library/GPUImage/libGPUImage.a; sourceTree = "<group>"; };
		E0A7B92F1EB9CD4C00E11894 /* HHButton.h */ = {isa = PBXFileReference; fileEncoding = 4; lastKnownFileType = sourcecode.c.h; path = HHButton.h; sourceTree = "<group>"; };
		E0A7B9301EB9CD4C00E11894 /* HHButton.m */ = {isa = PBXFileReference; fileEncoding = 4; lastKnownFileType = sourcecode.c.objc; path = HHButton.m; sourceTree = "<group>"; };
		E0C4C92D1E94D92D00A4E7FC /* HHWallPaper.app */ = {isa = PBXFileReference; explicitFileType = wrapper.application; includeInIndex = 0; path = HHWallPaper.app; sourceTree = BUILT_PRODUCTS_DIR; };
		E0C4C9331E94D92D00A4E7FC /* AppDelegate.h */ = {isa = PBXFileReference; lastKnownFileType = sourcecode.c.h; path = AppDelegate.h; sourceTree = "<group>"; };
		E0C4C9341E94D92D00A4E7FC /* AppDelegate.m */ = {isa = PBXFileReference; lastKnownFileType = sourcecode.c.objc; path = AppDelegate.m; sourceTree = "<group>"; };
		E0CB84B51EC4543200689D73 /* HHPaletteView.h */ = {isa = PBXFileReference; fileEncoding = 4; lastKnownFileType = sourcecode.c.h; path = HHPaletteView.h; sourceTree = "<group>"; };
		E0CB84B61EC4543200689D73 /* HHPaletteView.m */ = {isa = PBXFileReference; fileEncoding = 4; lastKnownFileType = sourcecode.c.objc; path = HHPaletteView.m; sourceTree = "<group>"; };
		E0CB84B81EC459AB00689D73 /* UIView+Layout.h */ = {isa = PBXFileReference; fileEncoding = 4; lastKnownFileType = sourcecode.c.h; path = "UIView+Layout.h"; sourceTree = "<group>"; };
		E0CB84B91EC459AB00689D73 /* UIView+Layout.m */ = {isa = PBXFileReference; fileEncoding = 4; lastKnownFileType = sourcecode.c.objc; path = "UIView+Layout.m"; sourceTree = "<group>"; };
		E0CB84BB1EC4646300689D73 /* HHAlertView.h */ = {isa = PBXFileReference; fileEncoding = 4; lastKnownFileType = sourcecode.c.h; path = HHAlertView.h; sourceTree = "<group>"; };
		E0CB84BC1EC4646300689D73 /* HHAlertView.m */ = {isa = PBXFileReference; fileEncoding = 4; lastKnownFileType = sourcecode.c.objc; path = HHAlertView.m; sourceTree = "<group>"; };
		E0CB84BE1EC54E5000689D73 /* HHSliderView.h */ = {isa = PBXFileReference; fileEncoding = 4; lastKnownFileType = sourcecode.c.h; path = HHSliderView.h; sourceTree = "<group>"; };
		E0CB84BF1EC54E5000689D73 /* HHSliderView.m */ = {isa = PBXFileReference; fileEncoding = 4; lastKnownFileType = sourcecode.c.objc; path = HHSliderView.m; sourceTree = "<group>"; };
		E0EB797E1EAF53960055F9C4 /* LDImagePicker.h */ = {isa = PBXFileReference; fileEncoding = 4; lastKnownFileType = sourcecode.c.h; path = LDImagePicker.h; sourceTree = "<group>"; };
		E0EB797F1EAF53960055F9C4 /* LDImagePicker.m */ = {isa = PBXFileReference; fileEncoding = 4; lastKnownFileType = sourcecode.c.objc; path = LDImagePicker.m; sourceTree = "<group>"; };
		E0EB79801EAF53960055F9C4 /* VPImageCropperViewController.h */ = {isa = PBXFileReference; fileEncoding = 4; lastKnownFileType = sourcecode.c.h; path = VPImageCropperViewController.h; sourceTree = "<group>"; };
		E0EB79811EAF53960055F9C4 /* VPImageCropperViewController.m */ = {isa = PBXFileReference; fileEncoding = 4; lastKnownFileType = sourcecode.c.objc; path = VPImageCropperViewController.m; sourceTree = "<group>"; };
		E0EB79861EB1880E0055F9C4 /* CustomViewController.h */ = {isa = PBXFileReference; fileEncoding = 4; lastKnownFileType = sourcecode.c.h; path = CustomViewController.h; sourceTree = "<group>"; };
		E0EB79871EB1880E0055F9C4 /* CustomViewController.m */ = {isa = PBXFileReference; fileEncoding = 4; lastKnownFileType = sourcecode.c.objc; path = CustomViewController.m; sourceTree = "<group>"; };
		E0EB79981EB33CBD0055F9C4 /* HHMainImageView.h */ = {isa = PBXFileReference; fileEncoding = 4; lastKnownFileType = sourcecode.c.h; path = HHMainImageView.h; sourceTree = "<group>"; };
		E0EB79991EB33CBD0055F9C4 /* HHMainImageView.m */ = {isa = PBXFileReference; fileEncoding = 4; lastKnownFileType = sourcecode.c.objc; path = HHMainImageView.m; sourceTree = "<group>"; };
		E0FA8FE31EC5A80100F0E40C /* HHToolView.h */ = {isa = PBXFileReference; fileEncoding = 4; lastKnownFileType = sourcecode.c.h; path = HHToolView.h; sourceTree = "<group>"; };
		E0FA8FE41EC5A80100F0E40C /* HHToolView.m */ = {isa = PBXFileReference; fileEncoding = 4; lastKnownFileType = sourcecode.c.objc; path = HHToolView.m; sourceTree = "<group>"; };
		E2CF7BD9DAEE3703760CCD5A /* libPods-HHWallPaper.a */ = {isa = PBXFileReference; explicitFileType = archive.ar; includeInIndex = 0; path = "libPods-HHWallPaper.a"; sourceTree = BUILT_PRODUCTS_DIR; };
/* End PBXFileReference section */

/* Begin PBXFrameworksBuildPhase section */
		E0C4C92A1E94D92D00A4E7FC /* Frameworks */ = {
			isa = PBXFrameworksBuildPhase;
			buildActionMask = 2147483647;
			files = (
				E0A7B92E1EB8912000E11894 /* libGPUImage.a in Frameworks */,
				E0A7B87E1EB8904D00E11894 /* CoreMedia.framework in Frameworks */,
				E0A7B87C1EB8904600E11894 /* CoreVideo.framework in Frameworks */,
				E0A7B87A1EB8904000E11894 /* OpenGLES.framework in Frameworks */,
				E0A7B8781EB8903800E11894 /* AVFoundation.framework in Frameworks */,
				E0A7B8761EB8902F00E11894 /* QuartzCore.framework in Frameworks */,
				B7DD723651FB9F19B49E971E /* libPods-HHWallPaper.a in Frameworks */,
			);
			runOnlyForDeploymentPostprocessing = 0;
		};
/* End PBXFrameworksBuildPhase section */

/* Begin PBXGroup section */
		52B1F0BFC7E6BAF6055610F6 /* Pods */ = {
			isa = PBXGroup;
			children = (
				B343D39648CFF9F0D99F2DFD /* Pods-HHWallPaper.debug.xcconfig */,
				77E9B500499BD1800A0E7356 /* Pods-HHWallPaper.release.xcconfig */,
			);
			name = Pods;
			sourceTree = "<group>";
		};
		B711BBBE8F71EE6919DEAFAD /* Frameworks */ = {
			isa = PBXGroup;
			children = (
				E0A7B92D1EB8912000E11894 /* libGPUImage.a */,
				E0A7B87D1EB8904D00E11894 /* CoreMedia.framework */,
				E0A7B87B1EB8904600E11894 /* CoreVideo.framework */,
				E0A7B8791EB8904000E11894 /* OpenGLES.framework */,
				E0A7B8771EB8903800E11894 /* AVFoundation.framework */,
				E0A7B8751EB8902F00E11894 /* QuartzCore.framework */,
				E2CF7BD9DAEE3703760CCD5A /* libPods-HHWallPaper.a */,
			);
			name = Frameworks;
			sourceTree = "<group>";
		};
		E00E37C21E963A9500FBF01D /* Base.lproj */ = {
			isa = PBXGroup;
			children = (
				E00E37C31E963A9500FBF01D /* LaunchScreen.storyboard */,
			);
			name = Base.lproj;
			path = "Supporting File/Base.lproj";
			sourceTree = "<group>";
		};
		E00E37CB1E963AA800FBF01D /* ViewController */ = {
			isa = PBXGroup;
			children = (
				E00E37CE1E963AA800FBF01D /* TemplateViewController.h */,
				E00E37CF1E963AA800FBF01D /* TemplateViewController.m */,
				E054A1911E9B5AB9003A60C8 /* GaussianBlurViewController.h */,
				E054A1921E9B5AB9003A60C8 /* GaussianBlurViewController.m */,
				E054A1941E9B6714003A60C8 /* SquareViewController.h */,
				E054A1951E9B6714003A60C8 /* SquareViewController.m */,
				E041667D1EA84C08003BC00C /* MaskLayerViewController.h */,
				E041667E1EA84C08003BC00C /* MaskLayerViewController.m */,
				E0EB79861EB1880E0055F9C4 /* CustomViewController.h */,
				E0EB79871EB1880E0055F9C4 /* CustomViewController.m */,
			);
			path = ViewController;
			sourceTree = "<group>";
		};
		E00E37D21E963AAE00FBF01D /* Library */ = {
			isa = PBXGroup;
			children = (
				E0EB797D1EAF53960055F9C4 /* LDImagePicker */,
				E00E37D31E963AAE00FBF01D /* GPUImage */,
			);
			path = Library;
			sourceTree = "<group>";
		};
		E00E37D31E963AAE00FBF01D /* GPUImage */ = {
			isa = PBXGroup;
			children = (
				E0A7B87F1EB890B900E11894 /* GLProgram.h */,
				E0A7B8801EB890B900E11894 /* GPUImage.h */,
				E0A7B8811EB890B900E11894 /* GPUImage3x3ConvolutionFilter.h */,
				E0A7B8821EB890B900E11894 /* GPUImage3x3TextureSamplingFilter.h */,
				E0A7B8831EB890B900E11894 /* GPUImageAdaptiveThresholdFilter.h */,
				E0A7B8841EB890B900E11894 /* GPUImageAddBlendFilter.h */,
				E0A7B8851EB890B900E11894 /* GPUImageAlphaBlendFilter.h */,
				E0A7B8861EB890B900E11894 /* GPUImageAmatorkaFilter.h */,
				E0A7B8871EB890B900E11894 /* GPUImageAverageColor.h */,
				E0A7B8881EB890B900E11894 /* GPUImageAverageLuminanceThresholdFilter.h */,
				E0A7B8891EB890B900E11894 /* GPUImageBilateralFilter.h */,
				E0A7B88A1EB890B900E11894 /* GPUImageBoxBlurFilter.h */,
				E0A7B88B1EB890B900E11894 /* GPUImageBrightnessFilter.h */,
				E0A7B88C1EB890B900E11894 /* GPUImageBuffer.h */,
				E0A7B88D1EB890B900E11894 /* GPUImageBulgeDistortionFilter.h */,
				E0A7B88E1EB890B900E11894 /* GPUImageCannyEdgeDetectionFilter.h */,
				E0A7B88F1EB890B900E11894 /* GPUImageCGAColorspaceFilter.h */,
				E0A7B8901EB890B900E11894 /* GPUImageChromaKeyBlendFilter.h */,
				E0A7B8911EB890B900E11894 /* GPUImageChromaKeyFilter.h */,
				E0A7B8921EB890B900E11894 /* GPUImageClosingFilter.h */,
				E0A7B8931EB890B900E11894 /* GPUImageColorBlendFilter.h */,
				E0A7B8941EB890B900E11894 /* GPUImageColorBurnBlendFilter.h */,
				E0A7B8951EB890B900E11894 /* GPUImageColorConversion.h */,
				E0A7B8961EB890B900E11894 /* GPUImageColorDodgeBlendFilter.h */,
				E0A7B8971EB890B900E11894 /* GPUImageColorInvertFilter.h */,
				E0A7B8981EB890B900E11894 /* GPUImageColorLocalBinaryPatternFilter.h */,
				E0A7B8991EB890B900E11894 /* GPUImageColorMatrixFilter.h */,
				E0A7B89A1EB890B900E11894 /* GPUImageColorPackingFilter.h */,
				E0A7B89B1EB890B900E11894 /* GPUImageColourFASTFeatureDetector.h */,
				E0A7B89C1EB890B900E11894 /* GPUImageColourFASTSamplingOperation.h */,
				E0A7B89D1EB890B900E11894 /* GPUImageContext.h */,
				E0A7B89E1EB890B900E11894 /* GPUImageContrastFilter.h */,
				E0A7B89F1EB890B900E11894 /* GPUImageCropFilter.h */,
				E0A7B8A01EB890B900E11894 /* GPUImageCrosshairGenerator.h */,
				E0A7B8A11EB890B900E11894 /* GPUImageCrosshatchFilter.h */,
				E0A7B8A21EB890B900E11894 /* GPUImageDarkenBlendFilter.h */,
				E0A7B8A31EB890B900E11894 /* GPUImageDifferenceBlendFilter.h */,
				E0A7B8A41EB890B900E11894 /* GPUImageDilationFilter.h */,
				E0A7B8A51EB890B900E11894 /* GPUImageDirectionalNonMaximumSuppressionFilter.h */,
				E0A7B8A61EB890B900E11894 /* GPUImageDirectionalSobelEdgeDetectionFilter.h */,
				E0A7B8A71EB890B900E11894 /* GPUImageDissolveBlendFilter.h */,
				E0A7B8A81EB890B900E11894 /* GPUImageDivideBlendFilter.h */,
				E0A7B8A91EB890B900E11894 /* GPUImageEmbossFilter.h */,
				E0A7B8AA1EB890B900E11894 /* GPUImageErosionFilter.h */,
				E0A7B8AB1EB890B900E11894 /* GPUImageExclusionBlendFilter.h */,
				E0A7B8AC1EB890B900E11894 /* GPUImageExposureFilter.h */,
				E0A7B8AD1EB890B900E11894 /* GPUImageFalseColorFilter.h */,
				E0A7B8AE1EB890B900E11894 /* GPUImageFASTCornerDetectionFilter.h */,
				E0A7B8AF1EB890B900E11894 /* GPUImageFilter.h */,
				E0A7B8B01EB890B900E11894 /* GPUImageFilterGroup.h */,
				E0A7B8B11EB890B900E11894 /* GPUImageFilterPipeline.h */,
				E0A7B8B21EB890B900E11894 /* GPUImageFourInputFilter.h */,
				E0A7B8B31EB890B900E11894 /* GPUImageFramebuffer.h */,
				E0A7B8B41EB890B900E11894 /* GPUImageFramebufferCache.h */,
				E0A7B8B51EB890B900E11894 /* GPUImageFramework.h */,
				E0A7B8B61EB890B900E11894 /* GPUImageGammaFilter.h */,
				E0A7B8B71EB890B900E11894 /* GPUImageGaussianBlurFilter.h */,
				E0A7B8B81EB890B900E11894 /* GPUImageGaussianBlurPositionFilter.h */,
				E0A7B8B91EB890B900E11894 /* GPUImageGaussianSelectiveBlurFilter.h */,
				E0A7B8BA1EB890B900E11894 /* GPUImageGlassSphereFilter.h */,
				E0A7B8BB1EB890B900E11894 /* GPUImageGrayscaleFilter.h */,
				E0A7B8BC1EB890B900E11894 /* GPUImageHalftoneFilter.h */,
				E0A7B8BD1EB890B900E11894 /* GPUImageHardLightBlendFilter.h */,
				E0A7B8BE1EB890B900E11894 /* GPUImageHarrisCornerDetectionFilter.h */,
				E0A7B8BF1EB890B900E11894 /* GPUImageHazeFilter.h */,
				E0A7B8C01EB890B900E11894 /* GPUImageHighlightShadowFilter.h */,
				E0A7B8C11EB890B900E11894 /* GPUImageHighPassFilter.h */,
				E0A7B8C21EB890B900E11894 /* GPUImageHistogramEqualizationFilter.h */,
				E0A7B8C31EB890B900E11894 /* GPUImageHistogramFilter.h */,
				E0A7B8C41EB890B900E11894 /* GPUImageHistogramGenerator.h */,
				E0A7B8C51EB890B900E11894 /* GPUImageHoughTransformLineDetector.h */,
				E0A7B8C61EB890B900E11894 /* GPUImageHSBFilter.h */,
				E0A7B8C71EB890B900E11894 /* GPUImageHueBlendFilter.h */,
				E0A7B8C81EB890B900E11894 /* GPUImageHueFilter.h */,
				E0A7B8C91EB890B900E11894 /* GPUImageiOSBlurFilter.h */,
				E0A7B8CA1EB890B900E11894 /* GPUImageJFAVoronoiFilter.h */,
				E0A7B8CB1EB890B900E11894 /* GPUImageKuwaharaFilter.h */,
				E0A7B8CC1EB890B900E11894 /* GPUImageKuwaharaRadius3Filter.h */,
				E0A7B8CD1EB890B900E11894 /* GPUImageLanczosResamplingFilter.h */,
				E0A7B8CE1EB890B900E11894 /* GPUImageLaplacianFilter.h */,
				E0A7B8CF1EB890B900E11894 /* GPUImageLevelsFilter.h */,
				E0A7B8D01EB890B900E11894 /* GPUImageLightenBlendFilter.h */,
				E0A7B8D11EB890B900E11894 /* GPUImageLinearBurnBlendFilter.h */,
				E0A7B8D21EB890B900E11894 /* GPUImageLineGenerator.h */,
				E0A7B8D31EB890B900E11894 /* GPUImageLocalBinaryPatternFilter.h */,
				E0A7B8D41EB890B900E11894 /* GPUImageLookupFilter.h */,
				E0A7B8D51EB890B900E11894 /* GPUImageLowPassFilter.h */,
				E0A7B8D61EB890B900E11894 /* GPUImageLuminanceRangeFilter.h */,
				E0A7B8D71EB890B900E11894 /* GPUImageLuminanceThresholdFilter.h */,
				E0A7B8D81EB890B900E11894 /* GPUImageLuminosity.h */,
				E0A7B8D91EB890B900E11894 /* GPUImageLuminosityBlendFilter.h */,
				E0A7B8DA1EB890B900E11894 /* GPUImageMaskFilter.h */,
				E0A7B8DB1EB890B900E11894 /* GPUImageMedianFilter.h */,
				E0A7B8DC1EB890B900E11894 /* GPUImageMissEtikateFilter.h */,
				E0A7B8DD1EB890B900E11894 /* GPUImageMonochromeFilter.h */,
				E0A7B8DE1EB890B900E11894 /* GPUImageMosaicFilter.h */,
				E0A7B8DF1EB890B900E11894 /* GPUImageMotionBlurFilter.h */,
				E0A7B8E01EB890B900E11894 /* GPUImageMotionDetector.h */,
				E0A7B8E11EB890B900E11894 /* GPUImageMovie.h */,
				E0A7B8E21EB890B900E11894 /* GPUImageMovieComposition.h */,
				E0A7B8E31EB890B900E11894 /* GPUImageMovieWriter.h */,
				E0A7B8E41EB890B900E11894 /* GPUImageMultiplyBlendFilter.h */,
				E0A7B8E51EB890B900E11894 /* GPUImageNobleCornerDetectionFilter.h */,
				E0A7B8E61EB890B900E11894 /* GPUImageNonMaximumSuppressionFilter.h */,
				E0A7B8E71EB890B900E11894 /* GPUImageNormalBlendFilter.h */,
				E0A7B8E81EB890B900E11894 /* GPUImageOpacityFilter.h */,
				E0A7B8E91EB890B900E11894 /* GPUImageOpeningFilter.h */,
				E0A7B8EA1EB890B900E11894 /* GPUImageOutput.h */,
				E0A7B8EB1EB890B900E11894 /* GPUImageOverlayBlendFilter.h */,
				E0A7B8EC1EB890B900E11894 /* GPUImageParallelCoordinateLineTransformFilter.h */,
				E0A7B8ED1EB890B900E11894 /* GPUImagePerlinNoiseFilter.h */,
				E0A7B8EE1EB890B900E11894 /* GPUImagePicture.h */,
				E0A7B8EF1EB890B900E11894 /* GPUImagePicture+TextureSubimage.h */,
				E0A7B8F01EB890B900E11894 /* GPUImagePinchDistortionFilter.h */,
				E0A7B8F11EB890B900E11894 /* GPUImagePixellateFilter.h */,
				E0A7B8F21EB890B900E11894 /* GPUImagePixellatePositionFilter.h */,
				E0A7B8F31EB890B900E11894 /* GPUImagePoissonBlendFilter.h */,
				E0A7B8F41EB890B900E11894 /* GPUImagePolarPixellateFilter.h */,
				E0A7B8F51EB890B900E11894 /* GPUImagePolkaDotFilter.h */,
				E0A7B8F61EB890B900E11894 /* GPUImagePosterizeFilter.h */,
				E0A7B8F71EB890B900E11894 /* GPUImagePrewittEdgeDetectionFilter.h */,
				E0A7B8F81EB890B900E11894 /* GPUImageRawDataInput.h */,
				E0A7B8F91EB890B900E11894 /* GPUImageRawDataOutput.h */,
				E0A7B8FA1EB890B900E11894 /* GPUImageRGBClosingFilter.h */,
				E0A7B8FB1EB890B900E11894 /* GPUImageRGBDilationFilter.h */,
				E0A7B8FC1EB890B900E11894 /* GPUImageRGBErosionFilter.h */,
				E0A7B8FD1EB890B900E11894 /* GPUImageRGBFilter.h */,
				E0A7B8FE1EB890B900E11894 /* GPUImageRGBOpeningFilter.h */,
				E0A7B8FF1EB890B900E11894 /* GPUImageSaturationBlendFilter.h */,
				E0A7B9001EB890B900E11894 /* GPUImageSaturationFilter.h */,
				E0A7B9011EB890B900E11894 /* GPUImageScreenBlendFilter.h */,
				E0A7B9021EB890B900E11894 /* GPUImageSepiaFilter.h */,
				E0A7B9031EB890B900E11894 /* GPUImageSharpenFilter.h */,
				E0A7B9041EB890B900E11894 /* GPUImageShiTomasiFeatureDetectionFilter.h */,
				E0A7B9051EB890B900E11894 /* GPUImageSingleComponentGaussianBlurFilter.h */,
				E0A7B9061EB890B900E11894 /* GPUImageSketchFilter.h */,
				E0A7B9071EB890B900E11894 /* GPUImageSmoothToonFilter.h */,
				E0A7B9081EB890B900E11894 /* GPUImageSobelEdgeDetectionFilter.h */,
				E0A7B9091EB890B900E11894 /* GPUImageSoftEleganceFilter.h */,
				E0A7B90A1EB890B900E11894 /* GPUImageSoftLightBlendFilter.h */,
				E0A7B90B1EB890B900E11894 /* GPUImageSolarizeFilter.h */,
				E0A7B90C1EB890B900E11894 /* GPUImageSolidColorGenerator.h */,
				E0A7B90D1EB890B900E11894 /* GPUImageSourceOverBlendFilter.h */,
				E0A7B90E1EB890BA00E11894 /* GPUImageSphereRefractionFilter.h */,
				E0A7B90F1EB890BA00E11894 /* GPUImageStillCamera.h */,
				E0A7B9101EB890BA00E11894 /* GPUImageStretchDistortionFilter.h */,
				E0A7B9111EB890BA00E11894 /* GPUImageSubtractBlendFilter.h */,
				E0A7B9121EB890BA00E11894 /* GPUImageSwirlFilter.h */,
				E0A7B9131EB890BA00E11894 /* GPUImageTextureInput.h */,
				E0A7B9141EB890BA00E11894 /* GPUImageTextureOutput.h */,
				E0A7B9151EB890BA00E11894 /* GPUImageThreeInputFilter.h */,
				E0A7B9161EB890BA00E11894 /* GPUImageThresholdEdgeDetectionFilter.h */,
				E0A7B9171EB890BA00E11894 /* GPUImageThresholdedNonMaximumSuppressionFilter.h */,
				E0A7B9181EB890BA00E11894 /* GPUImageThresholdSketchFilter.h */,
				E0A7B9191EB890BA00E11894 /* GPUImageTiltShiftFilter.h */,
				E0A7B91A1EB890BA00E11894 /* GPUImageToneCurveFilter.h */,
				E0A7B91B1EB890BA00E11894 /* GPUImageToonFilter.h */,
				E0A7B91C1EB890BA00E11894 /* GPUImageTransformFilter.h */,
				E0A7B91D1EB890BA00E11894 /* GPUImageTwoInputCrossTextureSamplingFilter.h */,
				E0A7B91E1EB890BA00E11894 /* GPUImageTwoInputFilter.h */,
				E0A7B91F1EB890BA00E11894 /* GPUImageTwoPassFilter.h */,
				E0A7B9201EB890BA00E11894 /* GPUImageTwoPassTextureSamplingFilter.h */,
				E0A7B9211EB890BA00E11894 /* GPUImageUIElement.h */,
				E0A7B9221EB890BA00E11894 /* GPUImageUnsharpMaskFilter.h */,
				E0A7B9231EB890BA00E11894 /* GPUImageVideoCamera.h */,
				E0A7B9241EB890BA00E11894 /* GPUImageView.h */,
				E0A7B9251EB890BA00E11894 /* GPUImageVignetteFilter.h */,
				E0A7B9261EB890BA00E11894 /* GPUImageVoronoiConsumerFilter.h */,
				E0A7B9271EB890BA00E11894 /* GPUImageWeakPixelInclusionFilter.h */,
				E0A7B9281EB890BA00E11894 /* GPUImageWhiteBalanceFilter.h */,
				E0A7B9291EB890BA00E11894 /* GPUImageXYDerivativeFilter.h */,
				E0A7B92A1EB890BA00E11894 /* GPUImageZoomBlurFilter.h */,
			);
			path = GPUImage;
			sourceTree = "<group>";
		};
		E0474F1F1E9CB48A006BF902 /* Tools */ = {
			isa = PBXGroup;
			children = (
				E0474F201E9CB4CC006BF902 /* CommonTool.h */,
				E0474F211E9CB4CC006BF902 /* CommonTool.m */,
				E0474F241E9CDFA5006BF902 /* UIImage+ColorSelect.h */,
				E0474F251E9CDFA5006BF902 /* UIImage+ColorSelect.m */,
				E0CB84B81EC459AB00689D73 /* UIView+Layout.h */,
				E0CB84B91EC459AB00689D73 /* UIView+Layout.m */,
			);
			path = Tools;
			sourceTree = "<group>";
		};
		E054A18D1E977CA9003A60C8 /* View */ = {
			isa = PBXGroup;
			children = (
				E054A18E1E977CA9003A60C8 /* QDCollectionViewDemoCell.h */,
				E054A18F1E977CA9003A60C8 /* QDCollectionViewDemoCell.m */,
				E0EB79981EB33CBD0055F9C4 /* HHMainImageView.h */,
				E0EB79991EB33CBD0055F9C4 /* HHMainImageView.m */,
				E0A7B86C1EB8629800E11894 /* HHIconView.h */,
				E0A7B86D1EB8629800E11894 /* HHIconView.m */,
				E0A7B92F1EB9CD4C00E11894 /* HHButton.h */,
				E0A7B9301EB9CD4C00E11894 /* HHButton.m */,
				E0CB84B51EC4543200689D73 /* HHPaletteView.h */,
				E0CB84B61EC4543200689D73 /* HHPaletteView.m */,
				E0CB84BB1EC4646300689D73 /* HHAlertView.h */,
				E0CB84BC1EC4646300689D73 /* HHAlertView.m */,
				E0CB84BE1EC54E5000689D73 /* HHSliderView.h */,
				E0CB84BF1EC54E5000689D73 /* HHSliderView.m */,
				E0FA8FE31EC5A80100F0E40C /* HHToolView.h */,
				E0FA8FE41EC5A80100F0E40C /* HHToolView.m */,
			);
			path = View;
			sourceTree = "<group>";
		};
		E0C4C9241E94D92D00A4E7FC = {
			isa = PBXGroup;
			children = (
				E0C4C92F1E94D92D00A4E7FC /* HHWallPaper */,
				E0C4C92E1E94D92D00A4E7FC /* Products */,
				52B1F0BFC7E6BAF6055610F6 /* Pods */,
				B711BBBE8F71EE6919DEAFAD /* Frameworks */,
			);
			sourceTree = "<group>";
		};
		E0C4C92E1E94D92D00A4E7FC /* Products */ = {
			isa = PBXGroup;
			children = (
				E0C4C92D1E94D92D00A4E7FC /* HHWallPaper.app */,
			);
			name = Products;
			sourceTree = "<group>";
		};
		E0C4C92F1E94D92D00A4E7FC /* HHWallPaper */ = {
			isa = PBXGroup;
			children = (
				E0C4C9331E94D92D00A4E7FC /* AppDelegate.h */,
				E0C4C9341E94D92D00A4E7FC /* AppDelegate.m */,
				E0474F1F1E9CB48A006BF902 /* Tools */,
				E054A18D1E977CA9003A60C8 /* View */,
				E00E37CB1E963AA800FBF01D /* ViewController */,
				E00E37D21E963AAE00FBF01D /* Library */,
				E0C4C9301E94D92D00A4E7FC /* Supporting Files */,
			);
			path = HHWallPaper;
			sourceTree = "<group>";
		};
		E0C4C9301E94D92D00A4E7FC /* Supporting Files */ = {
			isa = PBXGroup;
			children = (
				E00E37C21E963A9500FBF01D /* Base.lproj */,
				E00E37C11E963A9500FBF01D /* Assets.xcassets */,
				E0474F1E1E9CB2E9006BF902 /* PrefixHeader.pch */,
				E00E37C51E963A9500FBF01D /* HHInfo.plist */,
				E00E37C61E963A9500FBF01D /* main.m */,
			);
			name = "Supporting Files";
			sourceTree = "<group>";
		};
		E0EB797D1EAF53960055F9C4 /* LDImagePicker */ = {
			isa = PBXGroup;
			children = (
				E0EB797E1EAF53960055F9C4 /* LDImagePicker.h */,
				E0EB797F1EAF53960055F9C4 /* LDImagePicker.m */,
				E0EB79801EAF53960055F9C4 /* VPImageCropperViewController.h */,
				E0EB79811EAF53960055F9C4 /* VPImageCropperViewController.m */,
			);
			path = LDImagePicker;
			sourceTree = "<group>";
		};
/* End PBXGroup section */

/* Begin PBXNativeTarget section */
		E0C4C92C1E94D92D00A4E7FC /* HHWallPaper */ = {
			isa = PBXNativeTarget;
			buildConfigurationList = E0C4C9441E94D92D00A4E7FC /* Build configuration list for PBXNativeTarget "HHWallPaper" */;
			buildPhases = (
				B02E78F431DAA9F08FD04D47 /* [CP] Check Pods Manifest.lock */,
				E0C4C9291E94D92D00A4E7FC /* Sources */,
				E0C4C92A1E94D92D00A4E7FC /* Frameworks */,
				E0C4C92B1E94D92D00A4E7FC /* Resources */,
				541C235ACCA68E51513C4871 /* [CP] Embed Pods Frameworks */,
				A6EACAF544D8451AB6AE618A /* [CP] Copy Pods Resources */,
			);
			buildRules = (
			);
			dependencies = (
			);
			name = HHWallPaper;
			productName = HHWallPaper;
			productReference = E0C4C92D1E94D92D00A4E7FC /* HHWallPaper.app */;
			productType = "com.apple.product-type.application";
		};
/* End PBXNativeTarget section */

/* Begin PBXProject section */
		E0C4C9251E94D92D00A4E7FC /* Project object */ = {
			isa = PBXProject;
			attributes = {
				LastUpgradeCheck = 0820;
				ORGANIZATIONNAME = Hunt;
				TargetAttributes = {
					E0C4C92C1E94D92D00A4E7FC = {
						CreatedOnToolsVersion = 8.2;
						DevelopmentTeam = KK5A4ESWW9;
						ProvisioningStyle = Manual;
					};
				};
			};
			buildConfigurationList = E0C4C9281E94D92D00A4E7FC /* Build configuration list for PBXProject "HHWallPaper" */;
			compatibilityVersion = "Xcode 3.2";
			developmentRegion = English;
			hasScannedForEncodings = 0;
			knownRegions = (
				en,
				Base,
			);
			mainGroup = E0C4C9241E94D92D00A4E7FC;
			productRefGroup = E0C4C92E1E94D92D00A4E7FC /* Products */;
			projectDirPath = "";
			projectRoot = "";
			targets = (
				E0C4C92C1E94D92D00A4E7FC /* HHWallPaper */,
			);
		};
/* End PBXProject section */

/* Begin PBXResourcesBuildPhase section */
		E0C4C92B1E94D92D00A4E7FC /* Resources */ = {
			isa = PBXResourcesBuildPhase;
			buildActionMask = 2147483647;
			files = (
				E00E37C71E963A9500FBF01D /* Assets.xcassets in Resources */,
				E00E37C81E963A9500FBF01D /* LaunchScreen.storyboard in Resources */,
				E00E37C91E963A9500FBF01D /* HHInfo.plist in Resources */,
			);
			runOnlyForDeploymentPostprocessing = 0;
		};
/* End PBXResourcesBuildPhase section */

/* Begin PBXShellScriptBuildPhase section */
		541C235ACCA68E51513C4871 /* [CP] Embed Pods Frameworks */ = {
			isa = PBXShellScriptBuildPhase;
			buildActionMask = 2147483647;
			files = (
			);
			inputPaths = (
			);
			name = "[CP] Embed Pods Frameworks";
			outputPaths = (
			);
			runOnlyForDeploymentPostprocessing = 0;
			shellPath = /bin/sh;
			shellScript = "\"${SRCROOT}/Pods/Target Support Files/Pods-HHWallPaper/Pods-HHWallPaper-frameworks.sh\"\n";
			showEnvVarsInLog = 0;
		};
		A6EACAF544D8451AB6AE618A /* [CP] Copy Pods Resources */ = {
			isa = PBXShellScriptBuildPhase;
			buildActionMask = 2147483647;
			files = (
			);
			inputPaths = (
			);
			name = "[CP] Copy Pods Resources";
			outputPaths = (
			);
			runOnlyForDeploymentPostprocessing = 0;
			shellPath = /bin/sh;
			shellScript = "\"${SRCROOT}/Pods/Target Support Files/Pods-HHWallPaper/Pods-HHWallPaper-resources.sh\"\n";
			showEnvVarsInLog = 0;
		};
		B02E78F431DAA9F08FD04D47 /* [CP] Check Pods Manifest.lock */ = {
			isa = PBXShellScriptBuildPhase;
			buildActionMask = 2147483647;
			files = (
			);
			inputPaths = (
			);
			name = "[CP] Check Pods Manifest.lock";
			outputPaths = (
			);
			runOnlyForDeploymentPostprocessing = 0;
			shellPath = /bin/sh;
			shellScript = "diff \"${PODS_ROOT}/../Podfile.lock\" \"${PODS_ROOT}/Manifest.lock\" > /dev/null\nif [ $? != 0 ] ; then\n    # print error to STDERR\n    echo \"error: The sandbox is not in sync with the Podfile.lock. Run 'pod install' or update your CocoaPods installation.\" >&2\n    exit 1\nfi\n";
			showEnvVarsInLog = 0;
		};
/* End PBXShellScriptBuildPhase section */

/* Begin PBXSourcesBuildPhase section */
		E0C4C9291E94D92D00A4E7FC /* Sources */ = {
			isa = PBXSourcesBuildPhase;
			buildActionMask = 2147483647;
			files = (
				E054A1931E9B5AB9003A60C8 /* GaussianBlurViewController.m in Sources */,
				E041667F1EA84C08003BC00C /* MaskLayerViewController.m in Sources */,
				E0C4C9351E94D92D00A4E7FC /* AppDelegate.m in Sources */,
				E0CB84BD1EC4646300689D73 /* HHAlertView.m in Sources */,
				E0FA8FE51EC5A80100F0E40C /* HHToolView.m in Sources */,
				E0474F221E9CB4CC006BF902 /* CommonTool.m in Sources */,
				E0CB84B71EC4543200689D73 /* HHPaletteView.m in Sources */,
				E0474F261E9CDFA5006BF902 /* UIImage+ColorSelect.m in Sources */,
				E054A1901E977CA9003A60C8 /* QDCollectionViewDemoCell.m in Sources */,
				E00E37D11E963AA800FBF01D /* TemplateViewController.m in Sources */,
				E0CB84BA1EC459AB00689D73 /* UIView+Layout.m in Sources */,
				E0EB79881EB1880E0055F9C4 /* CustomViewController.m in Sources */,
				E0CB84C01EC54E5000689D73 /* HHSliderView.m in Sources */,
				E00E37CA1E963A9500FBF01D /* main.m in Sources */,
				E0A7B86E1EB8629800E11894 /* HHIconView.m in Sources */,
				E0EB799A1EB33CBD0055F9C4 /* HHMainImageView.m in Sources */,
				E0EB79831EAF53960055F9C4 /* VPImageCropperViewController.m in Sources */,
				E054A1961E9B6714003A60C8 /* SquareViewController.m in Sources */,
				E0A7B9311EB9CD4C00E11894 /* HHButton.m in Sources */,
				E0EB79821EAF53960055F9C4 /* LDImagePicker.m in Sources */,
			);
			runOnlyForDeploymentPostprocessing = 0;
		};
/* End PBXSourcesBuildPhase section */

/* Begin PBXVariantGroup section */
		E00E37C31E963A9500FBF01D /* LaunchScreen.storyboard */ = {
			isa = PBXVariantGroup;
			children = (
				E00E37C41E963A9500FBF01D /* Base */,
			);
			name = LaunchScreen.storyboard;
			sourceTree = "<group>";
		};
/* End PBXVariantGroup section */

/* Begin XCBuildConfiguration section */
		E0C4C9421E94D92D00A4E7FC /* Debug */ = {
			isa = XCBuildConfiguration;
			buildSettings = {
				ALWAYS_SEARCH_USER_PATHS = NO;
				CLANG_ANALYZER_NONNULL = YES;
				CLANG_CXX_LANGUAGE_STANDARD = "gnu++0x";
				CLANG_CXX_LIBRARY = "libc++";
				CLANG_ENABLE_MODULES = YES;
				CLANG_ENABLE_OBJC_ARC = YES;
				CLANG_WARN_BOOL_CONVERSION = YES;
				CLANG_WARN_CONSTANT_CONVERSION = YES;
				CLANG_WARN_DIRECT_OBJC_ISA_USAGE = YES_ERROR;
				CLANG_WARN_DOCUMENTATION_COMMENTS = YES;
				CLANG_WARN_EMPTY_BODY = YES;
				CLANG_WARN_ENUM_CONVERSION = YES;
				CLANG_WARN_INFINITE_RECURSION = YES;
				CLANG_WARN_INT_CONVERSION = YES;
				CLANG_WARN_OBJC_ROOT_CLASS = YES_ERROR;
				CLANG_WARN_SUSPICIOUS_MOVE = YES;
				CLANG_WARN_UNREACHABLE_CODE = YES;
				CLANG_WARN__DUPLICATE_METHOD_MATCH = YES;
				"CODE_SIGN_IDENTITY[sdk=iphoneos*]" = "iPhone Developer";
				COPY_PHASE_STRIP = NO;
				DEBUG_INFORMATION_FORMAT = dwarf;
				ENABLE_STRICT_OBJC_MSGSEND = YES;
				ENABLE_TESTABILITY = YES;
				GCC_C_LANGUAGE_STANDARD = gnu99;
				GCC_DYNAMIC_NO_PIC = NO;
				GCC_NO_COMMON_BLOCKS = YES;
				GCC_OPTIMIZATION_LEVEL = 0;
				GCC_PREPROCESSOR_DEFINITIONS = (
					"DEBUG=1",
					"$(inherited)",
				);
				GCC_WARN_64_TO_32_BIT_CONVERSION = YES;
				GCC_WARN_ABOUT_RETURN_TYPE = YES_ERROR;
				GCC_WARN_UNDECLARED_SELECTOR = YES;
				GCC_WARN_UNINITIALIZED_AUTOS = YES_AGGRESSIVE;
				GCC_WARN_UNUSED_FUNCTION = YES;
				GCC_WARN_UNUSED_VARIABLE = YES;
				IPHONEOS_DEPLOYMENT_TARGET = 10.2;
				MTL_ENABLE_DEBUG_INFO = YES;
				ONLY_ACTIVE_ARCH = YES;
				SDKROOT = iphoneos;
			};
			name = Debug;
		};
		E0C4C9431E94D92D00A4E7FC /* Release */ = {
			isa = XCBuildConfiguration;
			buildSettings = {
				ALWAYS_SEARCH_USER_PATHS = NO;
				CLANG_ANALYZER_NONNULL = YES;
				CLANG_CXX_LANGUAGE_STANDARD = "gnu++0x";
				CLANG_CXX_LIBRARY = "libc++";
				CLANG_ENABLE_MODULES = YES;
				CLANG_ENABLE_OBJC_ARC = YES;
				CLANG_WARN_BOOL_CONVERSION = YES;
				CLANG_WARN_CONSTANT_CONVERSION = YES;
				CLANG_WARN_DIRECT_OBJC_ISA_USAGE = YES_ERROR;
				CLANG_WARN_DOCUMENTATION_COMMENTS = YES;
				CLANG_WARN_EMPTY_BODY = YES;
				CLANG_WARN_ENUM_CONVERSION = YES;
				CLANG_WARN_INFINITE_RECURSION = YES;
				CLANG_WARN_INT_CONVERSION = YES;
				CLANG_WARN_OBJC_ROOT_CLASS = YES_ERROR;
				CLANG_WARN_SUSPICIOUS_MOVE = YES;
				CLANG_WARN_UNREACHABLE_CODE = YES;
				CLANG_WARN__DUPLICATE_METHOD_MATCH = YES;
				"CODE_SIGN_IDENTITY[sdk=iphoneos*]" = "iPhone Developer";
				COPY_PHASE_STRIP = NO;
				DEBUG_INFORMATION_FORMAT = "dwarf-with-dsym";
				ENABLE_NS_ASSERTIONS = NO;
				ENABLE_STRICT_OBJC_MSGSEND = YES;
				GCC_C_LANGUAGE_STANDARD = gnu99;
				GCC_NO_COMMON_BLOCKS = YES;
				GCC_WARN_64_TO_32_BIT_CONVERSION = YES;
				GCC_WARN_ABOUT_RETURN_TYPE = YES_ERROR;
				GCC_WARN_UNDECLARED_SELECTOR = YES;
				GCC_WARN_UNINITIALIZED_AUTOS = YES_AGGRESSIVE;
				GCC_WARN_UNUSED_FUNCTION = YES;
				GCC_WARN_UNUSED_VARIABLE = YES;
				IPHONEOS_DEPLOYMENT_TARGET = 10.2;
				MTL_ENABLE_DEBUG_INFO = NO;
				SDKROOT = iphoneos;
				VALIDATE_PRODUCT = YES;
			};
			name = Release;
		};
		E0C4C9451E94D92D00A4E7FC /* Debug */ = {
			isa = XCBuildConfiguration;
			baseConfigurationReference = B343D39648CFF9F0D99F2DFD /* Pods-HHWallPaper.debug.xcconfig */;
			buildSettings = {
				ASSETCATALOG_COMPILER_APPICON_NAME = AppIcon;
				CODE_SIGN_IDENTITY = "iPhone Developer: Xing Yao (NL8V94E3JM)";
				DEVELOPMENT_TEAM = KK5A4ESWW9;
				GCC_PRECOMPILE_PREFIX_HEADER = YES;
				GCC_PREFIX_HEADER = "$(SRCROOT)/HHWallPaper/Supporting File/PrefixHeader.pch";
				INFOPLIST_FILE = "HHWallPaper/Supporting File/HHInfo.plist";
				IPHONEOS_DEPLOYMENT_TARGET = 8.0;
				LD_RUNPATH_SEARCH_PATHS = "$(inherited) @executable_path/Frameworks";
				LIBRARY_SEARCH_PATHS = (
					"$(inherited)",
					"$(PROJECT_DIR)/HHWallPaper",
					"$(PROJECT_DIR)/HHWallPaper/Library/GPUImage",
				);
				PRODUCT_BUNDLE_IDENTIFIER = com.HuntHuang.HHWallPaper;
				PRODUCT_NAME = "$(TARGET_NAME)";
				PROVISIONING_PROFILE = "34ee9f02-33c8-4608-bc9d-19ec56b65998";
				PROVISIONING_PROFILE_SPECIFIER = PAPuHui;
			};
			name = Debug;
		};
		E0C4C9461E94D92D00A4E7FC /* Release */ = {
			isa = XCBuildConfiguration;
			baseConfigurationReference = 77E9B500499BD1800A0E7356 /* Pods-HHWallPaper.release.xcconfig */;
			buildSettings = {
				ASSETCATALOG_COMPILER_APPICON_NAME = AppIcon;
				CODE_SIGN_IDENTITY = "iPhone Developer: Xing Yao (NL8V94E3JM)";
				"CODE_SIGN_IDENTITY[sdk=iphoneos*]" = "iPhone Developer: Xing Yao (NL8V94E3JM)";
				DEVELOPMENT_TEAM = KK5A4ESWW9;
				GCC_PRECOMPILE_PREFIX_HEADER = YES;
				GCC_PREFIX_HEADER = "$(SRCROOT)/HHWallPaper/Supporting File/PrefixHeader.pch";
				INFOPLIST_FILE = "HHWallPaper/Supporting File/HHInfo.plist";
				IPHONEOS_DEPLOYMENT_TARGET = 8.0;
				LD_RUNPATH_SEARCH_PATHS = "$(inherited) @executable_path/Frameworks";
				LIBRARY_SEARCH_PATHS = (
					"$(inherited)",
					"$(PROJECT_DIR)/HHWallPaper",
					"$(PROJECT_DIR)/HHWallPaper/Library/GPUImage",
				);
				PRODUCT_BUNDLE_IDENTIFIER = com.HuntHuang.HHWallPaper;
				PRODUCT_NAME = "$(TARGET_NAME)";
				PROVISIONING_PROFILE = "34ee9f02-33c8-4608-bc9d-19ec56b65998";
				PROVISIONING_PROFILE_SPECIFIER = PAPuHui;
			};
			name = Release;
		};
/* End XCBuildConfiguration section */

/* Begin XCConfigurationList section */
		E0C4C9281E94D92D00A4E7FC /* Build configuration list for PBXProject "HHWallPaper" */ = {
			isa = XCConfigurationList;
			buildConfigurations = (
				E0C4C9421E94D92D00A4E7FC /* Debug */,
				E0C4C9431E94D92D00A4E7FC /* Release */,
			);
			defaultConfigurationIsVisible = 0;
			defaultConfigurationName = Release;
		};
		E0C4C9441E94D92D00A4E7FC /* Build configuration list for PBXNativeTarget "HHWallPaper" */ = {
			isa = XCConfigurationList;
			buildConfigurations = (
				E0C4C9451E94D92D00A4E7FC /* Debug */,
				E0C4C9461E94D92D00A4E7FC /* Release */,
			);
			defaultConfigurationIsVisible = 0;
			defaultConfigurationName = Release;
		};
/* End XCConfigurationList section */
	};
	rootObject = E0C4C9251E94D92D00A4E7FC /* Project object */;
}
